// !$*UTF8*$!
{
	archiveVersion = 1;
	classes = {
	};
	objectVersion = 56;
	objects = {

/* Begin PBXBuildFile section */
		CB0DD7712A373FF9003116CE /* Endpoint.swift in Sources */ = {isa = PBXBuildFile; fileRef = CB0DD7702A373FF9003116CE /* Endpoint.swift */; };
		CB0DD7732A37439C003116CE /* EndpointCollection.swift in Sources */ = {isa = PBXBuildFile; fileRef = CB0DD7722A37439C003116CE /* EndpointCollection.swift */; };
		CB0DD7752A374D5F003116CE /* DataStorage.swift in Sources */ = {isa = PBXBuildFile; fileRef = CB0DD7742A374D5F003116CE /* DataStorage.swift */; };
		CB3719B82A33660A009D5EA2 /* Movie.swift in Sources */ = {isa = PBXBuildFile; fileRef = CB3719B72A33660A009D5EA2 /* Movie.swift */; };
		CB3719BA2A336EAC009D5EA2 /* NetworkManager.swift in Sources */ = {isa = PBXBuildFile; fileRef = CB3719B92A336EAC009D5EA2 /* NetworkManager.swift */; };
		CB3719BD2A338BCA009D5EA2 /* HomeViewModel.swift in Sources */ = {isa = PBXBuildFile; fileRef = CB3719BC2A338BCA009D5EA2 /* HomeViewModel.swift */; };
		CBA00ED82A0FC42D00976A61 /* Extension+UICollectionViewCompositionalLayout.swift in Sources */ = {isa = PBXBuildFile; fileRef = CBA00ED72A0FC42D00976A61 /* Extension+UICollectionViewCompositionalLayout.swift */; };
		CBCEEEDA2A0A85E400CF7186 /* AppDelegate.swift in Sources */ = {isa = PBXBuildFile; fileRef = CBCEEED92A0A85E400CF7186 /* AppDelegate.swift */; };
		CBCEEEDC2A0A85E400CF7186 /* SceneDelegate.swift in Sources */ = {isa = PBXBuildFile; fileRef = CBCEEEDB2A0A85E400CF7186 /* SceneDelegate.swift */; };
		CBCEEEDE2A0A85E400CF7186 /* HomeViewController.swift in Sources */ = {isa = PBXBuildFile; fileRef = CBCEEEDD2A0A85E400CF7186 /* HomeViewController.swift */; };
		CBCEEEE32A0A85E500CF7186 /* Assets.xcassets in Resources */ = {isa = PBXBuildFile; fileRef = CBCEEEE22A0A85E500CF7186 /* Assets.xcassets */; };
		CBCEEEE62A0A85E500CF7186 /* LaunchScreen.storyboard in Resources */ = {isa = PBXBuildFile; fileRef = CBCEEEE42A0A85E500CF7186 /* LaunchScreen.storyboard */; };
		CBCEEEEE2A0A9E7600CF7186 /* CardCell.swift in Sources */ = {isa = PBXBuildFile; fileRef = CBCEEEED2A0A9E7600CF7186 /* CardCell.swift */; };
/* End PBXBuildFile section */

/* Begin PBXFileReference section */
		CB0DD7702A373FF9003116CE /* Endpoint.swift */ = {isa = PBXFileReference; lastKnownFileType = sourcecode.swift; path = Endpoint.swift; sourceTree = "<group>"; };
		CB0DD7722A37439C003116CE /* EndpointCollection.swift */ = {isa = PBXFileReference; lastKnownFileType = sourcecode.swift; path = EndpointCollection.swift; sourceTree = "<group>"; };
		CB0DD7742A374D5F003116CE /* DataStorage.swift */ = {isa = PBXFileReference; lastKnownFileType = sourcecode.swift; path = DataStorage.swift; sourceTree = "<group>"; };
		CB3719B72A33660A009D5EA2 /* Movie.swift */ = {isa = PBXFileReference; lastKnownFileType = sourcecode.swift; path = Movie.swift; sourceTree = "<group>"; };
		CB3719B92A336EAC009D5EA2 /* NetworkManager.swift */ = {isa = PBXFileReference; lastKnownFileType = sourcecode.swift; path = NetworkManager.swift; sourceTree = "<group>"; };
		CB3719BC2A338BCA009D5EA2 /* HomeViewModel.swift */ = {isa = PBXFileReference; lastKnownFileType = sourcecode.swift; path = HomeViewModel.swift; sourceTree = "<group>"; };
		CBA00ED72A0FC42D00976A61 /* Extension+UICollectionViewCompositionalLayout.swift */ = {isa = PBXFileReference; lastKnownFileType = sourcecode.swift; path = "Extension+UICollectionViewCompositionalLayout.swift"; sourceTree = "<group>"; };
		CBCEEED62A0A85E400CF7186 /* FilmFolio.app */ = {isa = PBXFileReference; explicitFileType = wrapper.application; includeInIndex = 0; path = FilmFolio.app; sourceTree = BUILT_PRODUCTS_DIR; };
		CBCEEED92A0A85E400CF7186 /* AppDelegate.swift */ = {isa = PBXFileReference; lastKnownFileType = sourcecode.swift; path = AppDelegate.swift; sourceTree = "<group>"; };
		CBCEEEDB2A0A85E400CF7186 /* SceneDelegate.swift */ = {isa = PBXFileReference; lastKnownFileType = sourcecode.swift; path = SceneDelegate.swift; sourceTree = "<group>"; };
		CBCEEEDD2A0A85E400CF7186 /* HomeViewController.swift */ = {isa = PBXFileReference; lastKnownFileType = sourcecode.swift; path = HomeViewController.swift; sourceTree = "<group>"; };
		CBCEEEE22A0A85E500CF7186 /* Assets.xcassets */ = {isa = PBXFileReference; lastKnownFileType = folder.assetcatalog; path = Assets.xcassets; sourceTree = "<group>"; };
		CBCEEEE52A0A85E500CF7186 /* Base */ = {isa = PBXFileReference; lastKnownFileType = file.storyboard; name = Base; path = Base.lproj/LaunchScreen.storyboard; sourceTree = "<group>"; };
		CBCEEEE72A0A85E500CF7186 /* Info.plist */ = {isa = PBXFileReference; lastKnownFileType = text.plist.xml; path = Info.plist; sourceTree = "<group>"; };
		CBCEEEED2A0A9E7600CF7186 /* CardCell.swift */ = {isa = PBXFileReference; lastKnownFileType = sourcecode.swift; path = CardCell.swift; sourceTree = "<group>"; };
/* End PBXFileReference section */

/* Begin PBXFrameworksBuildPhase section */
		CBCEEED32A0A85E400CF7186 /* Frameworks */ = {
			isa = PBXFrameworksBuildPhase;
			buildActionMask = 2147483647;
			files = (
			);
			runOnlyForDeploymentPostprocessing = 0;
		};
/* End PBXFrameworksBuildPhase section */

/* Begin PBXGroup section */
		CB0DD76F2A373FCF003116CE /* Network */ = {
			isa = PBXGroup;
			children = (
				CB3719B92A336EAC009D5EA2 /* NetworkManager.swift */,
				CB0DD7702A373FF9003116CE /* Endpoint.swift */,
				CB0DD7722A37439C003116CE /* EndpointCollection.swift */,
			);
			path = Network;
			sourceTree = "<group>";
		};
		CB3719B22A335ED2009D5EA2 /* Models */ = {
			isa = PBXGroup;
			children = (
				CB3719B72A33660A009D5EA2 /* Movie.swift */,
			);
			path = Models;
			sourceTree = "<group>";
		};
		CB3719B32A335ED8009D5EA2 /* ViewControllers */ = {
			isa = PBXGroup;
			children = (
				CBCEEEDD2A0A85E400CF7186 /* HomeViewController.swift */,
			);
			path = ViewControllers;
			sourceTree = "<group>";
		};
		CB3719B42A335EDE009D5EA2 /* Views */ = {
			isa = PBXGroup;
			children = (
				CBCEEEED2A0A9E7600CF7186 /* CardCell.swift */,
			);
			path = Views;
			sourceTree = "<group>";
		};
		CB3719B62A335F1D009D5EA2 /* Extensions */ = {
			isa = PBXGroup;
			children = (
				CBA00ED72A0FC42D00976A61 /* Extension+UICollectionViewCompositionalLayout.swift */,
			);
			path = Extensions;
			sourceTree = "<group>";
		};
		CB3719BB2A338B8F009D5EA2 /* ViewModels */ = {
			isa = PBXGroup;
			children = (
				CB3719BC2A338BCA009D5EA2 /* HomeViewModel.swift */,
			);
			path = ViewModels;
			sourceTree = "<group>";
		};
		CBCEEECD2A0A85E400CF7186 = {
			isa = PBXGroup;
			children = (
				CBCEEED82A0A85E400CF7186 /* FilmFolio */,
				CBCEEED72A0A85E400CF7186 /* Products */,
			);
			sourceTree = "<group>";
		};
		CBCEEED72A0A85E400CF7186 /* Products */ = {
			isa = PBXGroup;
			children = (
				CBCEEED62A0A85E400CF7186 /* FilmFolio.app */,
			);
			name = Products;
			sourceTree = "<group>";
		};
		CBCEEED82A0A85E400CF7186 /* FilmFolio */ = {
			isa = PBXGroup;
			children = (
				CB0DD76F2A373FCF003116CE /* Network */,
				CB3719B22A335ED2009D5EA2 /* Models */,
				CB3719BB2A338B8F009D5EA2 /* ViewModels */,
				CB3719B32A335ED8009D5EA2 /* ViewControllers */,
				CB3719B42A335EDE009D5EA2 /* Views */,
				CB3719B62A335F1D009D5EA2 /* Extensions */,
				CBCEEED92A0A85E400CF7186 /* AppDelegate.swift */,
				CBCEEEDB2A0A85E400CF7186 /* SceneDelegate.swift */,
				CB0DD7742A374D5F003116CE /* DataStorage.swift */,
				CBCEEEE22A0A85E500CF7186 /* Assets.xcassets */,
				CBCEEEE42A0A85E500CF7186 /* LaunchScreen.storyboard */,
				CBCEEEE72A0A85E500CF7186 /* Info.plist */,
			);
			path = FilmFolio;
			sourceTree = "<group>";
		};
/* End PBXGroup section */

/* Begin PBXNativeTarget section */
		CBCEEED52A0A85E400CF7186 /* FilmFolio */ = {
			isa = PBXNativeTarget;
			buildConfigurationList = CBCEEEEA2A0A85E500CF7186 /* Build configuration list for PBXNativeTarget "FilmFolio" */;
			buildPhases = (
				CBCEEED22A0A85E400CF7186 /* Sources */,
				CBCEEED32A0A85E400CF7186 /* Frameworks */,
				CBCEEED42A0A85E400CF7186 /* Resources */,
			);
			buildRules = (
			);
			dependencies = (
			);
			name = FilmFolio;
			productName = FilmFolio;
			productReference = CBCEEED62A0A85E400CF7186 /* FilmFolio.app */;
			productType = "com.apple.product-type.application";
		};
/* End PBXNativeTarget section */

/* Begin PBXProject section */
		CBCEEECE2A0A85E400CF7186 /* Project object */ = {
			isa = PBXProject;
			attributes = {
				BuildIndependentTargetsInParallel = 1;
				LastSwiftUpdateCheck = 1430;
				LastUpgradeCheck = 1430;
				TargetAttributes = {
					CBCEEED52A0A85E400CF7186 = {
						CreatedOnToolsVersion = 14.3;
					};
				};
			};
			buildConfigurationList = CBCEEED12A0A85E400CF7186 /* Build configuration list for PBXProject "FilmFolio" */;
			compatibilityVersion = "Xcode 14.0";
			developmentRegion = en;
			hasScannedForEncodings = 0;
			knownRegions = (
				en,
				Base,
			);
			mainGroup = CBCEEECD2A0A85E400CF7186;
			productRefGroup = CBCEEED72A0A85E400CF7186 /* Products */;
			projectDirPath = "";
			projectRoot = "";
			targets = (
				CBCEEED52A0A85E400CF7186 /* FilmFolio */,
			);
		};
/* End PBXProject section */

/* Begin PBXResourcesBuildPhase section */
		CBCEEED42A0A85E400CF7186 /* Resources */ = {
			isa = PBXResourcesBuildPhase;
			buildActionMask = 2147483647;
			files = (
				CBCEEEE62A0A85E500CF7186 /* LaunchScreen.storyboard in Resources */,
				CBCEEEE32A0A85E500CF7186 /* Assets.xcassets in Resources */,
			);
			runOnlyForDeploymentPostprocessing = 0;
		};
/* End PBXResourcesBuildPhase section */

/* Begin PBXSourcesBuildPhase section */
		CBCEEED22A0A85E400CF7186 /* Sources */ = {
			isa = PBXSourcesBuildPhase;
			buildActionMask = 2147483647;
			files = (
				CBCEEEDE2A0A85E400CF7186 /* HomeViewController.swift in Sources */,
				CB0DD7712A373FF9003116CE /* Endpoint.swift in Sources */,
				CB0DD7752A374D5F003116CE /* DataStorage.swift in Sources */,
				CBCEEEDA2A0A85E400CF7186 /* AppDelegate.swift in Sources */,
				CB3719B82A33660A009D5EA2 /* Movie.swift in Sources */,
				CB3719BD2A338BCA009D5EA2 /* HomeViewModel.swift in Sources */,
				CB3719BA2A336EAC009D5EA2 /* NetworkManager.swift in Sources */,
				CB0DD7732A37439C003116CE /* EndpointCollection.swift in Sources */,
				CBCEEEDC2A0A85E400CF7186 /* SceneDelegate.swift in Sources */,
				CBA00ED82A0FC42D00976A61 /* Extension+UICollectionViewCompositionalLayout.swift in Sources */,
				CBCEEEEE2A0A9E7600CF7186 /* CardCell.swift in Sources */,
			);
			runOnlyForDeploymentPostprocessing = 0;
		};
/* End PBXSourcesBuildPhase section */

/* Begin PBXVariantGroup section */
		CBCEEEE42A0A85E500CF7186 /* LaunchScreen.storyboard */ = {
			isa = PBXVariantGroup;
			children = (
				CBCEEEE52A0A85E500CF7186 /* Base */,
			);
			name = LaunchScreen.storyboard;
			sourceTree = "<group>";
		};
/* End PBXVariantGroup section */

/* Begin XCBuildConfiguration section */
		CBCEEEE82A0A85E500CF7186 /* Debug */ = {
			isa = XCBuildConfiguration;
			buildSettings = {
				ALWAYS_SEARCH_USER_PATHS = NO;
				CLANG_ANALYZER_NONNULL = YES;
				CLANG_ANALYZER_NUMBER_OBJECT_CONVERSION = YES_AGGRESSIVE;
				CLANG_CXX_LANGUAGE_STANDARD = "gnu++20";
				CLANG_ENABLE_MODULES = YES;
				CLANG_ENABLE_OBJC_ARC = YES;
				CLANG_ENABLE_OBJC_WEAK = YES;
				CLANG_WARN_BLOCK_CAPTURE_AUTORELEASING = YES;
				CLANG_WARN_BOOL_CONVERSION = YES;
				CLANG_WARN_COMMA = YES;
				CLANG_WARN_CONSTANT_CONVERSION = YES;
				CLANG_WARN_DEPRECATED_OBJC_IMPLEMENTATIONS = YES;
				CLANG_WARN_DIRECT_OBJC_ISA_USAGE = YES_ERROR;
				CLANG_WARN_DOCUMENTATION_COMMENTS = YES;
				CLANG_WARN_EMPTY_BODY = YES;
				CLANG_WARN_ENUM_CONVERSION = YES;
				CLANG_WARN_INFINITE_RECURSION = YES;
				CLANG_WARN_INT_CONVERSION = YES;
				CLANG_WARN_NON_LITERAL_NULL_CONVERSION = YES;
				CLANG_WARN_OBJC_IMPLICIT_RETAIN_SELF = YES;
				CLANG_WARN_OBJC_LITERAL_CONVERSION = YES;
				CLANG_WARN_OBJC_ROOT_CLASS = YES_ERROR;
				CLANG_WARN_QUOTED_INCLUDE_IN_FRAMEWORK_HEADER = YES;
				CLANG_WARN_RANGE_LOOP_ANALYSIS = YES;
				CLANG_WARN_STRICT_PROTOTYPES = YES;
				CLANG_WARN_SUSPICIOUS_MOVE = YES;
				CLANG_WARN_UNGUARDED_AVAILABILITY = YES_AGGRESSIVE;
				CLANG_WARN_UNREACHABLE_CODE = YES;
				CLANG_WARN__DUPLICATE_METHOD_MATCH = YES;
				COPY_PHASE_STRIP = NO;
				DEBUG_INFORMATION_FORMAT = dwarf;
				ENABLE_STRICT_OBJC_MSGSEND = YES;
				ENABLE_TESTABILITY = YES;
				GCC_C_LANGUAGE_STANDARD = gnu11;
				GCC_DYNAMIC_NO_PIC = NO;
				GCC_NO_COMMON_BLOCKS = YES;
				GCC_OPTIMIZATION_LEVEL = 0;
				GCC_PREPROCESSOR_DEFINITIONS = (
					"DEBUG=1",
					"$(inherited)",
				);
				GCC_WARN_64_TO_32_BIT_CONVERSION = YES;
				GCC_WARN_ABOUT_RETURN_TYPE = YES_ERROR;
				GCC_WARN_UNDECLARED_SELECTOR = YES;
				GCC_WARN_UNINITIALIZED_AUTOS = YES_AGGRESSIVE;
				GCC_WARN_UNUSED_FUNCTION = YES;
				GCC_WARN_UNUSED_VARIABLE = YES;
				IPHONEOS_DEPLOYMENT_TARGET = 16.4;
				MTL_ENABLE_DEBUG_INFO = INCLUDE_SOURCE;
				MTL_FAST_MATH = YES;
				ONLY_ACTIVE_ARCH = YES;
				SDKROOT = iphoneos;
				SWIFT_ACTIVE_COMPILATION_CONDITIONS = DEBUG;
				SWIFT_OPTIMIZATION_LEVEL = "-Onone";
			};
			name = Debug;
		};
		CBCEEEE92A0A85E500CF7186 /* Release */ = {
			isa = XCBuildConfiguration;
			buildSettings = {
				ALWAYS_SEARCH_USER_PATHS = NO;
				CLANG_ANALYZER_NONNULL = YES;
				CLANG_ANALYZER_NUMBER_OBJECT_CONVERSION = YES_AGGRESSIVE;
				CLANG_CXX_LANGUAGE_STANDARD = "gnu++20";
				CLANG_ENABLE_MODULES = YES;
				CLANG_ENABLE_OBJC_ARC = YES;
				CLANG_ENABLE_OBJC_WEAK = YES;
				CLANG_WARN_BLOCK_CAPTURE_AUTORELEASING = YES;
				CLANG_WARN_BOOL_CONVERSION = YES;
				CLANG_WARN_COMMA = YES;
				CLANG_WARN_CONSTANT_CONVERSION = YES;
				CLANG_WARN_DEPRECATED_OBJC_IMPLEMENTATIONS = YES;
				CLANG_WARN_DIRECT_OBJC_ISA_USAGE = YES_ERROR;
				CLANG_WARN_DOCUMENTATION_COMMENTS = YES;
				CLANG_WARN_EMPTY_BODY = YES;
				CLANG_WARN_ENUM_CONVERSION = YES;
				CLANG_WARN_INFINITE_RECURSION = YES;
				CLANG_WARN_INT_CONVERSION = YES;
				CLANG_WARN_NON_LITERAL_NULL_CONVERSION = YES;
				CLANG_WARN_OBJC_IMPLICIT_RETAIN_SELF = YES;
				CLANG_WARN_OBJC_LITERAL_CONVERSION = YES;
				CLANG_WARN_OBJC_ROOT_CLASS = YES_ERROR;
				CLANG_WARN_QUOTED_INCLUDE_IN_FRAMEWORK_HEADER = YES;
				CLANG_WARN_RANGE_LOOP_ANALYSIS = YES;
				CLANG_WARN_STRICT_PROTOTYPES = YES;
				CLANG_WARN_SUSPICIOUS_MOVE = YES;
				CLANG_WARN_UNGUARDED_AVAILABILITY = YES_AGGRESSIVE;
				CLANG_WARN_UNREACHABLE_CODE = YES;
				CLANG_WARN__DUPLICATE_METHOD_MATCH = YES;
				COPY_PHASE_STRIP = NO;
				DEBUG_INFORMATION_FORMAT = "dwarf-with-dsym";
				ENABLE_NS_ASSERTIONS = NO;
				ENABLE_STRICT_OBJC_MSGSEND = YES;
				GCC_C_LANGUAGE_STANDARD = gnu11;
				GCC_NO_COMMON_BLOCKS = YES;
				GCC_WARN_64_TO_32_BIT_CONVERSION = YES;
				GCC_WARN_ABOUT_RETURN_TYPE = YES_ERROR;
				GCC_WARN_UNDECLARED_SELECTOR = YES;
				GCC_WARN_UNINITIALIZED_AUTOS = YES_AGGRESSIVE;
				GCC_WARN_UNUSED_FUNCTION = YES;
				GCC_WARN_UNUSED_VARIABLE = YES;
				IPHONEOS_DEPLOYMENT_TARGET = 16.4;
				MTL_ENABLE_DEBUG_INFO = NO;
				MTL_FAST_MATH = YES;
				SDKROOT = iphoneos;
				SWIFT_COMPILATION_MODE = wholemodule;
				SWIFT_OPTIMIZATION_LEVEL = "-O";
				VALIDATE_PRODUCT = YES;
			};
			name = Release;
		};
		CBCEEEEB2A0A85E500CF7186 /* Debug */ = {
			isa = XCBuildConfiguration;
			buildSettings = {
				ASSETCATALOG_COMPILER_APPICON_NAME = AppIcon;
				ASSETCATALOG_COMPILER_GLOBAL_ACCENT_COLOR_NAME = AccentColor;
				CODE_SIGN_STYLE = Automatic;
				CURRENT_PROJECT_VERSION = 1;
				GENERATE_INFOPLIST_FILE = YES;
				INFOPLIST_FILE = FilmFolio/Info.plist;
				INFOPLIST_KEY_UIApplicationSupportsIndirectInputEvents = YES;
				INFOPLIST_KEY_UILaunchStoryboardName = LaunchScreen;
				INFOPLIST_KEY_UIMainStoryboardFile = "";
				INFOPLIST_KEY_UISupportedInterfaceOrientations_iPad = "UIInterfaceOrientationPortrait UIInterfaceOrientationPortraitUpsideDown UIInterfaceOrientationLandscapeLeft UIInterfaceOrientationLandscapeRight";
				INFOPLIST_KEY_UISupportedInterfaceOrientations_iPhone = "UIInterfaceOrientationPortrait UIInterfaceOrientationLandscapeLeft UIInterfaceOrientationLandscapeRight";
				LD_RUNPATH_SEARCH_PATHS = (
					"$(inherited)",
					"@executable_path/Frameworks",
				);
				MARKETING_VERSION = 1.0;
				PRODUCT_BUNDLE_IDENTIFIER = com.sominn9.FilmFolio;
				PRODUCT_NAME = "$(TARGET_NAME)";
				SWIFT_EMIT_LOC_STRINGS = YES;
				SWIFT_VERSION = 5.0;
				TARGETED_DEVICE_FAMILY = "1,2";
			};
			name = Debug;
		};
		CBCEEEEC2A0A85E500CF7186 /* Release */ = {
			isa = XCBuildConfiguration;
			buildSettings = {
				ASSETCATALOG_COMPILER_APPICON_NAME = AppIcon;
				ASSETCATALOG_COMPILER_GLOBAL_ACCENT_COLOR_NAME = AccentColor;
				CODE_SIGN_STYLE = Automatic;
				CURRENT_PROJECT_VERSION = 1;
				GENERATE_INFOPLIST_FILE = YES;
				INFOPLIST_FILE = FilmFolio/Info.plist;
				INFOPLIST_KEY_UIApplicationSupportsIndirectInputEvents = YES;
				INFOPLIST_KEY_UILaunchStoryboardName = LaunchScreen;
				INFOPLIST_KEY_UIMainStoryboardFile = "";
				INFOPLIST_KEY_UISupportedInterfaceOrientations_iPad = "UIInterfaceOrientationPortrait UIInterfaceOrientationPortraitUpsideDown UIInterfaceOrientationLandscapeLeft UIInterfaceOrientationLandscapeRight";
				INFOPLIST_KEY_UISupportedInterfaceOrientations_iPhone = "UIInterfaceOrientationPortrait UIInterfaceOrientationLandscapeLeft UIInterfaceOrientationLandscapeRight";
				LD_RUNPATH_SEARCH_PATHS = (
					"$(inherited)",
					"@executable_path/Frameworks",
				);
				MARKETING_VERSION = 1.0;
				PRODUCT_BUNDLE_IDENTIFIER = com.sominn9.FilmFolio;
				PRODUCT_NAME = "$(TARGET_NAME)";
				SWIFT_EMIT_LOC_STRINGS = YES;
				SWIFT_VERSION = 5.0;
				TARGETED_DEVICE_FAMILY = "1,2";
			};
			name = Release;
		};
/* End XCBuildConfiguration section */

/* Begin XCConfigurationList section */
		CBCEEED12A0A85E400CF7186 /* Build configuration list for PBXProject "FilmFolio" */ = {
			isa = XCConfigurationList;
			buildConfigurations = (
				CBCEEEE82A0A85E500CF7186 /* Debug */,
				CBCEEEE92A0A85E500CF7186 /* Release */,
			);
			defaultConfigurationIsVisible = 0;
			defaultConfigurationName = Release;
		};
		CBCEEEEA2A0A85E500CF7186 /* Build configuration list for PBXNativeTarget "FilmFolio" */ = {
			isa = XCConfigurationList;
			buildConfigurations = (
				CBCEEEEB2A0A85E500CF7186 /* Debug */,
				CBCEEEEC2A0A85E500CF7186 /* Release */,
			);
			defaultConfigurationIsVisible = 0;
			defaultConfigurationName = Release;
		};
/* End XCConfigurationList section */
	};
	rootObject = CBCEEECE2A0A85E400CF7186 /* Project object */;
}
