// !$*UTF8*$!
{
	archiveVersion = 1;
	classes = {
	};
	objectVersion = 56;
	objects = {

/* Begin PBXBuildFile section */
		CB0DD7712A373FF9003116CE /* Endpoint.swift in Sources */ = {isa = PBXBuildFile; fileRef = CB0DD7702A373FF9003116CE /* Endpoint.swift */; };
		CB0DD7732A37439C003116CE /* EndpointCollection.swift in Sources */ = {isa = PBXBuildFile; fileRef = CB0DD7722A37439C003116CE /* EndpointCollection.swift */; };
		CB14F5332AE628CA00EDAA7B /* VideoResponse.swift in Sources */ = {isa = PBXBuildFile; fileRef = CB14F5322AE628CA00EDAA7B /* VideoResponse.swift */; };
		CB14F5352AE6291100EDAA7B /* Video.swift in Sources */ = {isa = PBXBuildFile; fileRef = CB14F5342AE6291100EDAA7B /* Video.swift */; };
		CB14F5372AE62A4700EDAA7B /* VideoData.swift in Sources */ = {isa = PBXBuildFile; fileRef = CB14F5362AE62A4700EDAA7B /* VideoData.swift */; };
		CB14F53A2AE62B5100EDAA7B /* VideoData+Mapping.swift in Sources */ = {isa = PBXBuildFile; fileRef = CB14F5392AE62B5100EDAA7B /* VideoData+Mapping.swift */; };
		CB14F53C2AE6871F00EDAA7B /* WebViewController.swift in Sources */ = {isa = PBXBuildFile; fileRef = CB14F53B2AE6871F00EDAA7B /* WebViewController.swift */; };
		CB1D1EA32ADD726D00B007CD /* Extension+NSCollectionLayoutSection.swift in Sources */ = {isa = PBXBuildFile; fileRef = CB1D1EA22ADD726D00B007CD /* Extension+NSCollectionLayoutSection.swift */; };
		CB2D4C472A5DBA8E007B8C39 /* RootTabBarController.swift in Sources */ = {isa = PBXBuildFile; fileRef = CB2D4C462A5DBA8E007B8C39 /* RootTabBarController.swift */; };
		CB2D4C492A5DC918007B8C39 /* SearchView.swift in Sources */ = {isa = PBXBuildFile; fileRef = CB2D4C482A5DC918007B8C39 /* SearchView.swift */; };
		CB2D4C4B2A5DCB70007B8C39 /* SearchTabViewController.swift in Sources */ = {isa = PBXBuildFile; fileRef = CB2D4C4A2A5DCB70007B8C39 /* SearchTabViewController.swift */; };
		CB2D4C4D2A5DCC86007B8C39 /* Extension+UIViewController.swift in Sources */ = {isa = PBXBuildFile; fileRef = CB2D4C4C2A5DCC86007B8C39 /* Extension+UIViewController.swift */; };
		CB2D4C4F2A5DCD62007B8C39 /* Media.swift in Sources */ = {isa = PBXBuildFile; fileRef = CB2D4C4E2A5DCD62007B8C39 /* Media.swift */; };
		CB2F64F42A5424E80007854D /* Extension+UIButton.Configuration.swift in Sources */ = {isa = PBXBuildFile; fileRef = CB2F64F32A5424E80007854D /* Extension+UIButton.Configuration.swift */; };
		CB36559A2A52FAA900C2ACEF /* HomeTabViewController.swift in Sources */ = {isa = PBXBuildFile; fileRef = CB3655992A52FAA900C2ACEF /* HomeTabViewController.swift */; };
		CB3719B82A33660A009D5EA2 /* Movie.swift in Sources */ = {isa = PBXBuildFile; fileRef = CB3719B72A33660A009D5EA2 /* Movie.swift */; };
		CB3719BA2A336EAC009D5EA2 /* NetworkManager.swift in Sources */ = {isa = PBXBuildFile; fileRef = CB3719B92A336EAC009D5EA2 /* NetworkManager.swift */; };
		CB3719BD2A338BCA009D5EA2 /* MovieHomeViewModel.swift in Sources */ = {isa = PBXBuildFile; fileRef = CB3719BC2A338BCA009D5EA2 /* MovieHomeViewModel.swift */; };
		CB3FA2FF2A602165005ADCF0 /* PagerTabBarController.swift in Sources */ = {isa = PBXBuildFile; fileRef = CB3FA2FE2A602165005ADCF0 /* PagerTabBarController.swift */; };
		CB3FA3012A602188005ADCF0 /* TabBarItem.swift in Sources */ = {isa = PBXBuildFile; fileRef = CB3FA3002A602188005ADCF0 /* TabBarItem.swift */; };
		CB3FA3032A603CCD005ADCF0 /* TMDBResponse.swift in Sources */ = {isa = PBXBuildFile; fileRef = CB3FA3022A603CCD005ADCF0 /* TMDBResponse.swift */; };
		CB3FA3052A605C87005ADCF0 /* BaseViewController.swift in Sources */ = {isa = PBXBuildFile; fileRef = CB3FA3042A605C87005ADCF0 /* BaseViewController.swift */; };
		CB3FA30B2A6061A5005ADCF0 /* MovieDetailView.swift in Sources */ = {isa = PBXBuildFile; fileRef = CB3FA30A2A6061A5005ADCF0 /* MovieDetailView.swift */; };
		CB3FA30D2A6063B9005ADCF0 /* MovieDetail.swift in Sources */ = {isa = PBXBuildFile; fileRef = CB3FA30C2A6063B9005ADCF0 /* MovieDetail.swift */; };
		CB3FA30F2A606595005ADCF0 /* SeriesDetail.swift in Sources */ = {isa = PBXBuildFile; fileRef = CB3FA30E2A606595005ADCF0 /* SeriesDetail.swift */; };
		CB4060E22A9F8B2B005C2A43 /* SaveReviewRepository.swift in Sources */ = {isa = PBXBuildFile; fileRef = CB4060E12A9F8B2B005C2A43 /* SaveReviewRepository.swift */; };
		CB4060E42A9F96D2005C2A43 /* DateFormat.swift in Sources */ = {isa = PBXBuildFile; fileRef = CB4060E32A9F96D2005C2A43 /* DateFormat.swift */; };
		CB4060E62A9FADBF005C2A43 /* ReviewListViewController.swift in Sources */ = {isa = PBXBuildFile; fileRef = CB4060E52A9FADBF005C2A43 /* ReviewListViewController.swift */; };
		CB4DA0792A56F7BB00C6FA11 /* Localizable.strings in Resources */ = {isa = PBXBuildFile; fileRef = CB4DA07B2A56F7BB00C6FA11 /* Localizable.strings */; };
		CB4DA07E2A57053100C6FA11 /* SeriesHomeViewController.swift in Sources */ = {isa = PBXBuildFile; fileRef = CB4DA07D2A57053100C6FA11 /* SeriesHomeViewController.swift */; };
		CB4DA0802A5705F500C6FA11 /* SeriesHomeView.swift in Sources */ = {isa = PBXBuildFile; fileRef = CB4DA07F2A5705F500C6FA11 /* SeriesHomeView.swift */; };
		CB4DA0822A57063500C6FA11 /* SeriesHomeViewModel.swift in Sources */ = {isa = PBXBuildFile; fileRef = CB4DA0812A57063500C6FA11 /* SeriesHomeViewModel.swift */; };
		CB4DA0842A57193400C6FA11 /* Series.swift in Sources */ = {isa = PBXBuildFile; fileRef = CB4DA0832A57193400C6FA11 /* Series.swift */; };
		CB4DA0862A573C2600C6FA11 /* Extension+Collection.swift in Sources */ = {isa = PBXBuildFile; fileRef = CB4DA0852A573C2600C6FA11 /* Extension+Collection.swift */; };
		CB6AA9332A502A22001D5867 /* TitleView.swift in Sources */ = {isa = PBXBuildFile; fileRef = CB6AA9322A502A22001D5867 /* TitleView.swift */; };
		CB6AA9352A502C4C001D5867 /* ElementKind.swift in Sources */ = {isa = PBXBuildFile; fileRef = CB6AA9342A502C4C001D5867 /* ElementKind.swift */; };
		CB6AA9372A502C86001D5867 /* Extension+NSCollectionLayoutBoundarySupplementaryItem.swift in Sources */ = {isa = PBXBuildFile; fileRef = CB6AA9362A502C86001D5867 /* Extension+NSCollectionLayoutBoundarySupplementaryItem.swift */; };
		CB6AA9392A505DB4001D5867 /* ImageStorage.swift in Sources */ = {isa = PBXBuildFile; fileRef = CB6AA9382A505DB4001D5867 /* ImageStorage.swift */; };
		CB7A8F5C2A6432D700DCE0C1 /* MovieDetailViewController.swift in Sources */ = {isa = PBXBuildFile; fileRef = CB7A8F5B2A6432D700DCE0C1 /* MovieDetailViewController.swift */; };
		CB7A8F5E2A64330E00DCE0C1 /* MovieDetailViewModel.swift in Sources */ = {isa = PBXBuildFile; fileRef = CB7A8F5D2A64330E00DCE0C1 /* MovieDetailViewModel.swift */; };
		CB7A8F602A64579000DCE0C1 /* Extension+String.swift in Sources */ = {isa = PBXBuildFile; fileRef = CB7A8F5F2A64579000DCE0C1 /* Extension+String.swift */; };
		CB7A8F662A6463E500DCE0C1 /* SeriesDetailView.swift in Sources */ = {isa = PBXBuildFile; fileRef = CB7A8F652A6463E500DCE0C1 /* SeriesDetailView.swift */; };
		CB7A8F682A6463FE00DCE0C1 /* SeriesDetailViewController.swift in Sources */ = {isa = PBXBuildFile; fileRef = CB7A8F672A6463FE00DCE0C1 /* SeriesDetailViewController.swift */; };
		CB7A8F6A2A64640600DCE0C1 /* SeriesDetailViewModel.swift in Sources */ = {isa = PBXBuildFile; fileRef = CB7A8F692A64640600DCE0C1 /* SeriesDetailViewModel.swift */; };
		CB7BA5A22AECDBE700BE4003 /* Size.swift in Sources */ = {isa = PBXBuildFile; fileRef = CB7BA5A12AECDBE700BE4003 /* Size.swift */; };
		CB7BA5A52AECE31E00BE4003 /* PosterRepresentable.swift in Sources */ = {isa = PBXBuildFile; fileRef = CB7BA5A42AECE31E00BE4003 /* PosterRepresentable.swift */; };
		CB7BA5A72AED4AFB00BE4003 /* SectionConvertible.swift in Sources */ = {isa = PBXBuildFile; fileRef = CB7BA5A62AED4AFB00BE4003 /* SectionConvertible.swift */; };
		CB81378F2AE7909F0085C0A0 /* PlayView.swift in Sources */ = {isa = PBXBuildFile; fileRef = CB81378E2AE7909F0085C0A0 /* PlayView.swift */; };
		CB81A1882A8A547600195D37 /* ReviewViewController.swift in Sources */ = {isa = PBXBuildFile; fileRef = CB81A1872A8A547600195D37 /* ReviewViewController.swift */; };
		CB83E84D2A697A08004BE8EE /* Bookmark.swift in Sources */ = {isa = PBXBuildFile; fileRef = CB83E84C2A697A08004BE8EE /* Bookmark.swift */; };
		CB83E84F2A697A10004BE8EE /* Review.swift in Sources */ = {isa = PBXBuildFile; fileRef = CB83E84E2A697A10004BE8EE /* Review.swift */; };
		CB9574522A4ECA9E0091F112 /* SnapKit in Frameworks */ = {isa = PBXBuildFile; productRef = CB9574512A4ECA9E0091F112 /* SnapKit */; };
		CB9574542A4ECE0C0091F112 /* MovieHomeView.swift in Sources */ = {isa = PBXBuildFile; fileRef = CB9574532A4ECE0C0091F112 /* MovieHomeView.swift */; };
		CB9574562A4F09020091F112 /* NetworkError.swift in Sources */ = {isa = PBXBuildFile; fileRef = CB9574552A4F09020091F112 /* NetworkError.swift */; };
		CB962A252A9CA390003822F1 /* PagerTabBarController+Configuration.swift in Sources */ = {isa = PBXBuildFile; fileRef = CB962A242A9CA390003822F1 /* PagerTabBarController+Configuration.swift */; };
		CB962A272A9CA3AD003822F1 /* TabBarItem+Configuration.swift in Sources */ = {isa = PBXBuildFile; fileRef = CB962A262A9CA3AD003822F1 /* TabBarItem+Configuration.swift */; };
		CB962A322A9CB389003822F1 /* CoreDataStorage.swift in Sources */ = {isa = PBXBuildFile; fileRef = CB962A312A9CB389003822F1 /* CoreDataStorage.swift */; };
		CB962A352A9CB3E6003822F1 /* Model.xcdatamodeld in Sources */ = {isa = PBXBuildFile; fileRef = CB962A332A9CB3E6003822F1 /* Model.xcdatamodeld */; };
		CB962A3D2A9CBD25003822F1 /* ReviewEntity+Mapping.swift in Sources */ = {isa = PBXBuildFile; fileRef = CB962A3C2A9CBD25003822F1 /* ReviewEntity+Mapping.swift */; };
		CB962A402A9CC2CB003822F1 /* ReviewRepository.swift in Sources */ = {isa = PBXBuildFile; fileRef = CB962A3F2A9CC2CB003822F1 /* ReviewRepository.swift */; };
		CB9E73342A9DE2A300F5675C /* ReviewRepositoryTests.swift in Sources */ = {isa = PBXBuildFile; fileRef = CB9E73332A9DE2A300F5675C /* ReviewRepositoryTests.swift */; };
		CB9E73362A9E192600F5675C /* CoreDataStorageError.swift in Sources */ = {isa = PBXBuildFile; fileRef = CB9E73352A9E192600F5675C /* CoreDataStorageError.swift */; };
		CB9E73412A9E58DB00F5675C /* LoadReviewRepository.swift in Sources */ = {isa = PBXBuildFile; fileRef = CB9E73402A9E58DB00F5675C /* LoadReviewRepository.swift */; };
		CB9E73452A9E5DBB00F5675C /* RxCocoa in Frameworks */ = {isa = PBXBuildFile; productRef = CB9E73442A9E5DBB00F5675C /* RxCocoa */; };
		CBAB9B422ABDDD62000D929A /* MovieRepository.swift in Sources */ = {isa = PBXBuildFile; fileRef = CBAB9B412ABDDD62000D929A /* MovieRepository.swift */; };
		CBAB9B452ABDDE39000D929A /* API.swift in Sources */ = {isa = PBXBuildFile; fileRef = CBAB9B432ABDDDBD000D929A /* API.swift */; };
		CBAB9B482ABDE8EB000D929A /* SeriesRepository.swift in Sources */ = {isa = PBXBuildFile; fileRef = CBAB9B472ABDE8EB000D929A /* SeriesRepository.swift */; };
		CBC3C85C2AEC26E400CA0283 /* MovieData.swift in Sources */ = {isa = PBXBuildFile; fileRef = CBC3C85B2AEC26E400CA0283 /* MovieData.swift */; };
		CBC3C85E2AEC26F800CA0283 /* MovieData+Mapping.swift in Sources */ = {isa = PBXBuildFile; fileRef = CBC3C85D2AEC26F800CA0283 /* MovieData+Mapping.swift */; };
		CBC3C8602AEC2EBF00CA0283 /* MovieDetailData.swift in Sources */ = {isa = PBXBuildFile; fileRef = CBC3C85F2AEC2EBF00CA0283 /* MovieDetailData.swift */; };
		CBC3C8622AEC300D00CA0283 /* MovieDetailData+Mapping.swift in Sources */ = {isa = PBXBuildFile; fileRef = CBC3C8612AEC300D00CA0283 /* MovieDetailData+Mapping.swift */; };
		CBC3C8642AEC368E00CA0283 /* SeriesData.swift in Sources */ = {isa = PBXBuildFile; fileRef = CBC3C8632AEC368E00CA0283 /* SeriesData.swift */; };
		CBC3C8662AEC390000CA0283 /* SeriesData+Mapping.swift in Sources */ = {isa = PBXBuildFile; fileRef = CBC3C8652AEC390000CA0283 /* SeriesData+Mapping.swift */; };
		CBC3C8682AEC39DA00CA0283 /* SeriesDetailData.swift in Sources */ = {isa = PBXBuildFile; fileRef = CBC3C8672AEC39DA00CA0283 /* SeriesDetailData.swift */; };
		CBC3C86A2AEC39E500CA0283 /* SeriesDetailData+Mapping.swift in Sources */ = {isa = PBXBuildFile; fileRef = CBC3C8692AEC39E400CA0283 /* SeriesDetailData+Mapping.swift */; };
		CBCA7A562AA0BC19002DC45E /* ReviewListViewModel.swift in Sources */ = {isa = PBXBuildFile; fileRef = CBCA7A552AA0BC19002DC45E /* ReviewListViewModel.swift */; };
		CBCA7A582AA0E8BC002DC45E /* ReviewListCell.swift in Sources */ = {isa = PBXBuildFile; fileRef = CBCA7A572AA0E8BC002DC45E /* ReviewListCell.swift */; };
		CBCEEEDA2A0A85E400CF7186 /* AppDelegate.swift in Sources */ = {isa = PBXBuildFile; fileRef = CBCEEED92A0A85E400CF7186 /* AppDelegate.swift */; };
		CBCEEEDC2A0A85E400CF7186 /* SceneDelegate.swift in Sources */ = {isa = PBXBuildFile; fileRef = CBCEEEDB2A0A85E400CF7186 /* SceneDelegate.swift */; };
		CBCEEEDE2A0A85E400CF7186 /* MovieHomeViewController.swift in Sources */ = {isa = PBXBuildFile; fileRef = CBCEEEDD2A0A85E400CF7186 /* MovieHomeViewController.swift */; };
		CBCEEEE32A0A85E500CF7186 /* Assets.xcassets in Resources */ = {isa = PBXBuildFile; fileRef = CBCEEEE22A0A85E500CF7186 /* Assets.xcassets */; };
		CBCEEEE62A0A85E500CF7186 /* LaunchScreen.storyboard in Resources */ = {isa = PBXBuildFile; fileRef = CBCEEEE42A0A85E500CF7186 /* LaunchScreen.storyboard */; };
		CBCEEEEE2A0A9E7600CF7186 /* RoundImageCell.swift in Sources */ = {isa = PBXBuildFile; fileRef = CBCEEEED2A0A9E7600CF7186 /* RoundImageCell.swift */; };
		CBD40B862A5C534600E0EB3A /* SearchViewController.swift in Sources */ = {isa = PBXBuildFile; fileRef = CBD40B852A5C534600E0EB3A /* SearchViewController.swift */; };
		CBD40B882A5C538C00E0EB3A /* SearchViewModel.swift in Sources */ = {isa = PBXBuildFile; fileRef = CBD40B872A5C538C00E0EB3A /* SearchViewModel.swift */; };
		CBD6AAF72A94DB4E00525682 /* ReviewViewModel.swift in Sources */ = {isa = PBXBuildFile; fileRef = CBD6AAF62A94DB4E00525682 /* ReviewViewModel.swift */; };
		CBE282EE2A65852A0094FE23 /* Extension+Date.swift in Sources */ = {isa = PBXBuildFile; fileRef = CBE282ED2A65852A0094FE23 /* Extension+Date.swift */; };
		CBE282F02A6588590094FE23 /* UpcomingView.swift in Sources */ = {isa = PBXBuildFile; fileRef = CBE282EF2A6588590094FE23 /* UpcomingView.swift */; };
		CBE282F22A6588670094FE23 /* UpcomingViewController.swift in Sources */ = {isa = PBXBuildFile; fileRef = CBE282F12A6588670094FE23 /* UpcomingViewController.swift */; };
		CBE282F42A65886F0094FE23 /* UpcomingViewModel.swift in Sources */ = {isa = PBXBuildFile; fileRef = CBE282F32A65886F0094FE23 /* UpcomingViewModel.swift */; };
		CBE282F62A658F2F0094FE23 /* Upcoming.swift in Sources */ = {isa = PBXBuildFile; fileRef = CBE282F52A658F2F0094FE23 /* Upcoming.swift */; };
		CBE282F82A65A1690094FE23 /* UpcomingCell.swift in Sources */ = {isa = PBXBuildFile; fileRef = CBE282F72A65A1690094FE23 /* UpcomingCell.swift */; };
		CBE4AE112A59AFB5000AC220 /* FilmFolioUITests.swift in Sources */ = {isa = PBXBuildFile; fileRef = CBE4AE102A59AFB5000AC220 /* FilmFolioUITests.swift */; };
		CBE4AE132A59AFB5000AC220 /* FilmFolioUITestsLaunchTests.swift in Sources */ = {isa = PBXBuildFile; fileRef = CBE4AE122A59AFB5000AC220 /* FilmFolioUITestsLaunchTests.swift */; };
		CBE4AE1B2A59C23D000AC220 /* PerformanceXCTests.swift in Sources */ = {isa = PBXBuildFile; fileRef = CBE4AE1A2A59C23D000AC220 /* PerformanceXCTests.swift */; };
		CBF40C3B2A4DE4210083610E /* RxCocoa in Frameworks */ = {isa = PBXBuildFile; productRef = CBF40C3A2A4DE4210083610E /* RxCocoa */; };
/* End PBXBuildFile section */

/* Begin PBXContainerItemProxy section */
		CB9E732E2A9DE24000F5675C /* PBXContainerItemProxy */ = {
			isa = PBXContainerItemProxy;
			containerPortal = CBCEEECE2A0A85E400CF7186 /* Project object */;
			proxyType = 1;
			remoteGlobalIDString = CBCEEED52A0A85E400CF7186;
			remoteInfo = FilmFolio;
		};
		CBE4AE142A59AFB5000AC220 /* PBXContainerItemProxy */ = {
			isa = PBXContainerItemProxy;
			containerPortal = CBCEEECE2A0A85E400CF7186 /* Project object */;
			proxyType = 1;
			remoteGlobalIDString = CBCEEED52A0A85E400CF7186;
			remoteInfo = FilmFolio;
		};
/* End PBXContainerItemProxy section */

/* Begin PBXFileReference section */
		CB0DD7702A373FF9003116CE /* Endpoint.swift */ = {isa = PBXFileReference; lastKnownFileType = sourcecode.swift; path = Endpoint.swift; sourceTree = "<group>"; };
		CB0DD7722A37439C003116CE /* EndpointCollection.swift */ = {isa = PBXFileReference; lastKnownFileType = sourcecode.swift; path = EndpointCollection.swift; sourceTree = "<group>"; };
		CB14F5322AE628CA00EDAA7B /* VideoResponse.swift */ = {isa = PBXFileReference; lastKnownFileType = sourcecode.swift; path = VideoResponse.swift; sourceTree = "<group>"; };
		CB14F5342AE6291100EDAA7B /* Video.swift */ = {isa = PBXFileReference; lastKnownFileType = sourcecode.swift; path = Video.swift; sourceTree = "<group>"; };
		CB14F5362AE62A4700EDAA7B /* VideoData.swift */ = {isa = PBXFileReference; lastKnownFileType = sourcecode.swift; path = VideoData.swift; sourceTree = "<group>"; };
		CB14F5392AE62B5100EDAA7B /* VideoData+Mapping.swift */ = {isa = PBXFileReference; lastKnownFileType = sourcecode.swift; path = "VideoData+Mapping.swift"; sourceTree = "<group>"; };
		CB14F53B2AE6871F00EDAA7B /* WebViewController.swift */ = {isa = PBXFileReference; lastKnownFileType = sourcecode.swift; path = WebViewController.swift; sourceTree = "<group>"; };
		CB1D1EA22ADD726D00B007CD /* Extension+NSCollectionLayoutSection.swift */ = {isa = PBXFileReference; lastKnownFileType = sourcecode.swift; path = "Extension+NSCollectionLayoutSection.swift"; sourceTree = "<group>"; };
		CB2D4C462A5DBA8E007B8C39 /* RootTabBarController.swift */ = {isa = PBXFileReference; lastKnownFileType = sourcecode.swift; path = RootTabBarController.swift; sourceTree = "<group>"; };
		CB2D4C482A5DC918007B8C39 /* SearchView.swift */ = {isa = PBXFileReference; lastKnownFileType = sourcecode.swift; path = SearchView.swift; sourceTree = "<group>"; };
		CB2D4C4A2A5DCB70007B8C39 /* SearchTabViewController.swift */ = {isa = PBXFileReference; lastKnownFileType = sourcecode.swift; path = SearchTabViewController.swift; sourceTree = "<group>"; };
		CB2D4C4C2A5DCC86007B8C39 /* Extension+UIViewController.swift */ = {isa = PBXFileReference; lastKnownFileType = sourcecode.swift; path = "Extension+UIViewController.swift"; sourceTree = "<group>"; };
		CB2D4C4E2A5DCD62007B8C39 /* Media.swift */ = {isa = PBXFileReference; lastKnownFileType = sourcecode.swift; path = Media.swift; sourceTree = "<group>"; };
		CB2F64F32A5424E80007854D /* Extension+UIButton.Configuration.swift */ = {isa = PBXFileReference; lastKnownFileType = sourcecode.swift; path = "Extension+UIButton.Configuration.swift"; sourceTree = "<group>"; };
		CB3655992A52FAA900C2ACEF /* HomeTabViewController.swift */ = {isa = PBXFileReference; lastKnownFileType = sourcecode.swift; path = HomeTabViewController.swift; sourceTree = "<group>"; };
		CB3719B72A33660A009D5EA2 /* Movie.swift */ = {isa = PBXFileReference; lastKnownFileType = sourcecode.swift; path = Movie.swift; sourceTree = "<group>"; };
		CB3719B92A336EAC009D5EA2 /* NetworkManager.swift */ = {isa = PBXFileReference; lastKnownFileType = sourcecode.swift; path = NetworkManager.swift; sourceTree = "<group>"; };
		CB3719BC2A338BCA009D5EA2 /* MovieHomeViewModel.swift */ = {isa = PBXFileReference; lastKnownFileType = sourcecode.swift; path = MovieHomeViewModel.swift; sourceTree = "<group>"; };
		CB3FA2FE2A602165005ADCF0 /* PagerTabBarController.swift */ = {isa = PBXFileReference; lastKnownFileType = sourcecode.swift; path = PagerTabBarController.swift; sourceTree = "<group>"; };
		CB3FA3002A602188005ADCF0 /* TabBarItem.swift */ = {isa = PBXFileReference; lastKnownFileType = sourcecode.swift; path = TabBarItem.swift; sourceTree = "<group>"; };
		CB3FA3022A603CCD005ADCF0 /* TMDBResponse.swift */ = {isa = PBXFileReference; lastKnownFileType = sourcecode.swift; path = TMDBResponse.swift; sourceTree = "<group>"; };
		CB3FA3042A605C87005ADCF0 /* BaseViewController.swift */ = {isa = PBXFileReference; lastKnownFileType = sourcecode.swift; path = BaseViewController.swift; sourceTree = "<group>"; };
		CB3FA30A2A6061A5005ADCF0 /* MovieDetailView.swift */ = {isa = PBXFileReference; lastKnownFileType = sourcecode.swift; path = MovieDetailView.swift; sourceTree = "<group>"; };
		CB3FA30C2A6063B9005ADCF0 /* MovieDetail.swift */ = {isa = PBXFileReference; lastKnownFileType = sourcecode.swift; path = MovieDetail.swift; sourceTree = "<group>"; };
		CB3FA30E2A606595005ADCF0 /* SeriesDetail.swift */ = {isa = PBXFileReference; lastKnownFileType = sourcecode.swift; path = SeriesDetail.swift; sourceTree = "<group>"; };
		CB4060E12A9F8B2B005C2A43 /* SaveReviewRepository.swift */ = {isa = PBXFileReference; lastKnownFileType = sourcecode.swift; path = SaveReviewRepository.swift; sourceTree = "<group>"; };
		CB4060E32A9F96D2005C2A43 /* DateFormat.swift */ = {isa = PBXFileReference; lastKnownFileType = sourcecode.swift; path = DateFormat.swift; sourceTree = "<group>"; };
		CB4060E52A9FADBF005C2A43 /* ReviewListViewController.swift */ = {isa = PBXFileReference; lastKnownFileType = sourcecode.swift; path = ReviewListViewController.swift; sourceTree = "<group>"; };
		CB4DA07A2A56F7BB00C6FA11 /* en */ = {isa = PBXFileReference; lastKnownFileType = text.plist.strings; name = en; path = en.lproj/Localizable.strings; sourceTree = "<group>"; };
		CB4DA07C2A56F8AC00C6FA11 /* ko */ = {isa = PBXFileReference; lastKnownFileType = text.plist.strings; name = ko; path = ko.lproj/Localizable.strings; sourceTree = "<group>"; };
		CB4DA07D2A57053100C6FA11 /* SeriesHomeViewController.swift */ = {isa = PBXFileReference; lastKnownFileType = sourcecode.swift; path = SeriesHomeViewController.swift; sourceTree = "<group>"; };
		CB4DA07F2A5705F500C6FA11 /* SeriesHomeView.swift */ = {isa = PBXFileReference; lastKnownFileType = sourcecode.swift; path = SeriesHomeView.swift; sourceTree = "<group>"; };
		CB4DA0812A57063500C6FA11 /* SeriesHomeViewModel.swift */ = {isa = PBXFileReference; lastKnownFileType = sourcecode.swift; path = SeriesHomeViewModel.swift; sourceTree = "<group>"; };
		CB4DA0832A57193400C6FA11 /* Series.swift */ = {isa = PBXFileReference; lastKnownFileType = sourcecode.swift; path = Series.swift; sourceTree = "<group>"; };
		CB4DA0852A573C2600C6FA11 /* Extension+Collection.swift */ = {isa = PBXFileReference; lastKnownFileType = sourcecode.swift; path = "Extension+Collection.swift"; sourceTree = "<group>"; };
		CB6AA9322A502A22001D5867 /* TitleView.swift */ = {isa = PBXFileReference; lastKnownFileType = sourcecode.swift; path = TitleView.swift; sourceTree = "<group>"; };
		CB6AA9342A502C4C001D5867 /* ElementKind.swift */ = {isa = PBXFileReference; lastKnownFileType = sourcecode.swift; path = ElementKind.swift; sourceTree = "<group>"; };
		CB6AA9362A502C86001D5867 /* Extension+NSCollectionLayoutBoundarySupplementaryItem.swift */ = {isa = PBXFileReference; lastKnownFileType = sourcecode.swift; path = "Extension+NSCollectionLayoutBoundarySupplementaryItem.swift"; sourceTree = "<group>"; };
		CB6AA9382A505DB4001D5867 /* ImageStorage.swift */ = {isa = PBXFileReference; lastKnownFileType = sourcecode.swift; path = ImageStorage.swift; sourceTree = "<group>"; };
		CB7A8F5B2A6432D700DCE0C1 /* MovieDetailViewController.swift */ = {isa = PBXFileReference; lastKnownFileType = sourcecode.swift; path = MovieDetailViewController.swift; sourceTree = "<group>"; };
		CB7A8F5D2A64330E00DCE0C1 /* MovieDetailViewModel.swift */ = {isa = PBXFileReference; lastKnownFileType = sourcecode.swift; path = MovieDetailViewModel.swift; sourceTree = "<group>"; };
		CB7A8F5F2A64579000DCE0C1 /* Extension+String.swift */ = {isa = PBXFileReference; lastKnownFileType = sourcecode.swift; path = "Extension+String.swift"; sourceTree = "<group>"; };
		CB7A8F652A6463E500DCE0C1 /* SeriesDetailView.swift */ = {isa = PBXFileReference; lastKnownFileType = sourcecode.swift; path = SeriesDetailView.swift; sourceTree = "<group>"; };
		CB7A8F672A6463FE00DCE0C1 /* SeriesDetailViewController.swift */ = {isa = PBXFileReference; lastKnownFileType = sourcecode.swift; path = SeriesDetailViewController.swift; sourceTree = "<group>"; };
		CB7A8F692A64640600DCE0C1 /* SeriesDetailViewModel.swift */ = {isa = PBXFileReference; lastKnownFileType = sourcecode.swift; path = SeriesDetailViewModel.swift; sourceTree = "<group>"; };
		CB7BA5A12AECDBE700BE4003 /* Size.swift */ = {isa = PBXFileReference; lastKnownFileType = sourcecode.swift; path = Size.swift; sourceTree = "<group>"; };
		CB7BA5A42AECE31E00BE4003 /* PosterRepresentable.swift */ = {isa = PBXFileReference; lastKnownFileType = sourcecode.swift; path = PosterRepresentable.swift; sourceTree = "<group>"; };
		CB7BA5A62AED4AFB00BE4003 /* SectionConvertible.swift */ = {isa = PBXFileReference; lastKnownFileType = sourcecode.swift; path = SectionConvertible.swift; sourceTree = "<group>"; };
		CB81378E2AE7909F0085C0A0 /* PlayView.swift */ = {isa = PBXFileReference; lastKnownFileType = sourcecode.swift; path = PlayView.swift; sourceTree = "<group>"; };
		CB81A1872A8A547600195D37 /* ReviewViewController.swift */ = {isa = PBXFileReference; lastKnownFileType = sourcecode.swift; path = ReviewViewController.swift; sourceTree = "<group>"; };
		CB83E84C2A697A08004BE8EE /* Bookmark.swift */ = {isa = PBXFileReference; lastKnownFileType = sourcecode.swift; path = Bookmark.swift; sourceTree = "<group>"; };
		CB83E84E2A697A10004BE8EE /* Review.swift */ = {isa = PBXFileReference; lastKnownFileType = sourcecode.swift; path = Review.swift; sourceTree = "<group>"; };
		CB9574532A4ECE0C0091F112 /* MovieHomeView.swift */ = {isa = PBXFileReference; lastKnownFileType = sourcecode.swift; path = MovieHomeView.swift; sourceTree = "<group>"; };
		CB9574552A4F09020091F112 /* NetworkError.swift */ = {isa = PBXFileReference; lastKnownFileType = sourcecode.swift; path = NetworkError.swift; sourceTree = "<group>"; };
		CB962A242A9CA390003822F1 /* PagerTabBarController+Configuration.swift */ = {isa = PBXFileReference; lastKnownFileType = sourcecode.swift; path = "PagerTabBarController+Configuration.swift"; sourceTree = "<group>"; };
		CB962A262A9CA3AD003822F1 /* TabBarItem+Configuration.swift */ = {isa = PBXFileReference; lastKnownFileType = sourcecode.swift; path = "TabBarItem+Configuration.swift"; sourceTree = "<group>"; };
		CB962A312A9CB389003822F1 /* CoreDataStorage.swift */ = {isa = PBXFileReference; lastKnownFileType = sourcecode.swift; path = CoreDataStorage.swift; sourceTree = "<group>"; };
		CB962A342A9CB3E6003822F1 /* Model.xcdatamodel */ = {isa = PBXFileReference; lastKnownFileType = wrapper.xcdatamodel; path = Model.xcdatamodel; sourceTree = "<group>"; };
		CB962A3C2A9CBD25003822F1 /* ReviewEntity+Mapping.swift */ = {isa = PBXFileReference; lastKnownFileType = sourcecode.swift; path = "ReviewEntity+Mapping.swift"; sourceTree = "<group>"; };
		CB962A3F2A9CC2CB003822F1 /* ReviewRepository.swift */ = {isa = PBXFileReference; lastKnownFileType = sourcecode.swift; path = ReviewRepository.swift; sourceTree = "<group>"; };
		CB9E732A2A9DE24000F5675C /* FilmFolioTests.xctest */ = {isa = PBXFileReference; explicitFileType = wrapper.cfbundle; includeInIndex = 0; path = FilmFolioTests.xctest; sourceTree = BUILT_PRODUCTS_DIR; };
		CB9E73332A9DE2A300F5675C /* ReviewRepositoryTests.swift */ = {isa = PBXFileReference; lastKnownFileType = sourcecode.swift; path = ReviewRepositoryTests.swift; sourceTree = "<group>"; };
		CB9E73352A9E192600F5675C /* CoreDataStorageError.swift */ = {isa = PBXFileReference; lastKnownFileType = sourcecode.swift; path = CoreDataStorageError.swift; sourceTree = "<group>"; };
		CB9E73402A9E58DB00F5675C /* LoadReviewRepository.swift */ = {isa = PBXFileReference; lastKnownFileType = sourcecode.swift; path = LoadReviewRepository.swift; sourceTree = "<group>"; };
		CBAB9B412ABDDD62000D929A /* MovieRepository.swift */ = {isa = PBXFileReference; lastKnownFileType = sourcecode.swift; path = MovieRepository.swift; sourceTree = "<group>"; };
		CBAB9B432ABDDDBD000D929A /* API.swift */ = {isa = PBXFileReference; lastKnownFileType = sourcecode.swift; path = API.swift; sourceTree = "<group>"; };
		CBAB9B472ABDE8EB000D929A /* SeriesRepository.swift */ = {isa = PBXFileReference; lastKnownFileType = sourcecode.swift; path = SeriesRepository.swift; sourceTree = "<group>"; };
		CBC3C85B2AEC26E400CA0283 /* MovieData.swift */ = {isa = PBXFileReference; lastKnownFileType = sourcecode.swift; path = MovieData.swift; sourceTree = "<group>"; };
		CBC3C85D2AEC26F800CA0283 /* MovieData+Mapping.swift */ = {isa = PBXFileReference; lastKnownFileType = sourcecode.swift; path = "MovieData+Mapping.swift"; sourceTree = "<group>"; };
		CBC3C85F2AEC2EBF00CA0283 /* MovieDetailData.swift */ = {isa = PBXFileReference; lastKnownFileType = sourcecode.swift; path = MovieDetailData.swift; sourceTree = "<group>"; };
		CBC3C8612AEC300D00CA0283 /* MovieDetailData+Mapping.swift */ = {isa = PBXFileReference; lastKnownFileType = sourcecode.swift; path = "MovieDetailData+Mapping.swift"; sourceTree = "<group>"; };
		CBC3C8632AEC368E00CA0283 /* SeriesData.swift */ = {isa = PBXFileReference; lastKnownFileType = sourcecode.swift; path = SeriesData.swift; sourceTree = "<group>"; };
		CBC3C8652AEC390000CA0283 /* SeriesData+Mapping.swift */ = {isa = PBXFileReference; lastKnownFileType = sourcecode.swift; path = "SeriesData+Mapping.swift"; sourceTree = "<group>"; };
		CBC3C8672AEC39DA00CA0283 /* SeriesDetailData.swift */ = {isa = PBXFileReference; lastKnownFileType = sourcecode.swift; path = SeriesDetailData.swift; sourceTree = "<group>"; };
		CBC3C8692AEC39E400CA0283 /* SeriesDetailData+Mapping.swift */ = {isa = PBXFileReference; lastKnownFileType = sourcecode.swift; path = "SeriesDetailData+Mapping.swift"; sourceTree = "<group>"; };
		CBCA7A552AA0BC19002DC45E /* ReviewListViewModel.swift */ = {isa = PBXFileReference; lastKnownFileType = sourcecode.swift; path = ReviewListViewModel.swift; sourceTree = "<group>"; };
		CBCA7A572AA0E8BC002DC45E /* ReviewListCell.swift */ = {isa = PBXFileReference; lastKnownFileType = sourcecode.swift; path = ReviewListCell.swift; sourceTree = "<group>"; };
		CBCEEED62A0A85E400CF7186 /* FilmFolio.app */ = {isa = PBXFileReference; explicitFileType = wrapper.application; includeInIndex = 0; path = FilmFolio.app; sourceTree = BUILT_PRODUCTS_DIR; };
		CBCEEED92A0A85E400CF7186 /* AppDelegate.swift */ = {isa = PBXFileReference; lastKnownFileType = sourcecode.swift; path = AppDelegate.swift; sourceTree = "<group>"; };
		CBCEEEDB2A0A85E400CF7186 /* SceneDelegate.swift */ = {isa = PBXFileReference; lastKnownFileType = sourcecode.swift; path = SceneDelegate.swift; sourceTree = "<group>"; };
		CBCEEEDD2A0A85E400CF7186 /* MovieHomeViewController.swift */ = {isa = PBXFileReference; lastKnownFileType = sourcecode.swift; path = MovieHomeViewController.swift; sourceTree = "<group>"; };
		CBCEEEE22A0A85E500CF7186 /* Assets.xcassets */ = {isa = PBXFileReference; lastKnownFileType = folder.assetcatalog; path = Assets.xcassets; sourceTree = "<group>"; };
		CBCEEEE52A0A85E500CF7186 /* Base */ = {isa = PBXFileReference; lastKnownFileType = file.storyboard; name = Base; path = Base.lproj/LaunchScreen.storyboard; sourceTree = "<group>"; };
		CBCEEEE72A0A85E500CF7186 /* Info.plist */ = {isa = PBXFileReference; lastKnownFileType = text.plist.xml; path = Info.plist; sourceTree = "<group>"; };
		CBCEEEED2A0A9E7600CF7186 /* RoundImageCell.swift */ = {isa = PBXFileReference; lastKnownFileType = sourcecode.swift; path = RoundImageCell.swift; sourceTree = "<group>"; };
		CBD40B852A5C534600E0EB3A /* SearchViewController.swift */ = {isa = PBXFileReference; lastKnownFileType = sourcecode.swift; path = SearchViewController.swift; sourceTree = "<group>"; };
		CBD40B872A5C538C00E0EB3A /* SearchViewModel.swift */ = {isa = PBXFileReference; lastKnownFileType = sourcecode.swift; path = SearchViewModel.swift; sourceTree = "<group>"; };
		CBD6AAF62A94DB4E00525682 /* ReviewViewModel.swift */ = {isa = PBXFileReference; lastKnownFileType = sourcecode.swift; path = ReviewViewModel.swift; sourceTree = "<group>"; };
		CBE282ED2A65852A0094FE23 /* Extension+Date.swift */ = {isa = PBXFileReference; lastKnownFileType = sourcecode.swift; path = "Extension+Date.swift"; sourceTree = "<group>"; };
		CBE282EF2A6588590094FE23 /* UpcomingView.swift */ = {isa = PBXFileReference; lastKnownFileType = sourcecode.swift; path = UpcomingView.swift; sourceTree = "<group>"; };
		CBE282F12A6588670094FE23 /* UpcomingViewController.swift */ = {isa = PBXFileReference; lastKnownFileType = sourcecode.swift; path = UpcomingViewController.swift; sourceTree = "<group>"; };
		CBE282F32A65886F0094FE23 /* UpcomingViewModel.swift */ = {isa = PBXFileReference; lastKnownFileType = sourcecode.swift; path = UpcomingViewModel.swift; sourceTree = "<group>"; };
		CBE282F52A658F2F0094FE23 /* Upcoming.swift */ = {isa = PBXFileReference; lastKnownFileType = sourcecode.swift; path = Upcoming.swift; sourceTree = "<group>"; };
		CBE282F72A65A1690094FE23 /* UpcomingCell.swift */ = {isa = PBXFileReference; lastKnownFileType = sourcecode.swift; path = UpcomingCell.swift; sourceTree = "<group>"; };
		CBE4AE0E2A59AFB5000AC220 /* FilmFolioUITests.xctest */ = {isa = PBXFileReference; explicitFileType = wrapper.cfbundle; includeInIndex = 0; path = FilmFolioUITests.xctest; sourceTree = BUILT_PRODUCTS_DIR; };
		CBE4AE102A59AFB5000AC220 /* FilmFolioUITests.swift */ = {isa = PBXFileReference; lastKnownFileType = sourcecode.swift; path = FilmFolioUITests.swift; sourceTree = "<group>"; };
		CBE4AE122A59AFB5000AC220 /* FilmFolioUITestsLaunchTests.swift */ = {isa = PBXFileReference; lastKnownFileType = sourcecode.swift; path = FilmFolioUITestsLaunchTests.swift; sourceTree = "<group>"; };
		CBE4AE192A59B01D000AC220 /* PerformanceXCTests.xctestplan */ = {isa = PBXFileReference; lastKnownFileType = text; path = PerformanceXCTests.xctestplan; sourceTree = "<group>"; };
		CBE4AE1A2A59C23D000AC220 /* PerformanceXCTests.swift */ = {isa = PBXFileReference; lastKnownFileType = sourcecode.swift; path = PerformanceXCTests.swift; sourceTree = "<group>"; };
/* End PBXFileReference section */

/* Begin PBXFrameworksBuildPhase section */
		CB9E73272A9DE24000F5675C /* Frameworks */ = {
			isa = PBXFrameworksBuildPhase;
			buildActionMask = 2147483647;
			files = (
				CB9E73452A9E5DBB00F5675C /* RxCocoa in Frameworks */,
			);
			runOnlyForDeploymentPostprocessing = 0;
		};
		CBCEEED32A0A85E400CF7186 /* Frameworks */ = {
			isa = PBXFrameworksBuildPhase;
			buildActionMask = 2147483647;
			files = (
				CB9574522A4ECA9E0091F112 /* SnapKit in Frameworks */,
				CBF40C3B2A4DE4210083610E /* RxCocoa in Frameworks */,
			);
			runOnlyForDeploymentPostprocessing = 0;
		};
		CBE4AE0B2A59AFB5000AC220 /* Frameworks */ = {
			isa = PBXFrameworksBuildPhase;
			buildActionMask = 2147483647;
			files = (
			);
			runOnlyForDeploymentPostprocessing = 0;
		};
/* End PBXFrameworksBuildPhase section */

/* Begin PBXGroup section */
		CB0DD76F2A373FCF003116CE /* Network */ = {
			isa = PBXGroup;
			children = (
				CBAB9B462ABDE898000D929A /* Model */,
				CB14F5382AE62B3800EDAA7B /* DataMapping */,
				CB9574552A4F09020091F112 /* NetworkError.swift */,
				CB3719B92A336EAC009D5EA2 /* NetworkManager.swift */,
				CB0DD7702A373FF9003116CE /* Endpoint.swift */,
				CB0DD7722A37439C003116CE /* EndpointCollection.swift */,
			);
			path = Network;
			sourceTree = "<group>";
		};
		CB14F5382AE62B3800EDAA7B /* DataMapping */ = {
			isa = PBXGroup;
			children = (
				CB14F5392AE62B5100EDAA7B /* VideoData+Mapping.swift */,
				CBC3C85D2AEC26F800CA0283 /* MovieData+Mapping.swift */,
				CBC3C8652AEC390000CA0283 /* SeriesData+Mapping.swift */,
				CBC3C8612AEC300D00CA0283 /* MovieDetailData+Mapping.swift */,
				CBC3C8692AEC39E400CA0283 /* SeriesDetailData+Mapping.swift */,
			);
			path = DataMapping;
			sourceTree = "<group>";
		};
		CB3719B22A335ED2009D5EA2 /* Model */ = {
			isa = PBXGroup;
			children = (
				CB7BA5A32AECE31000BE4003 /* Protocol */,
				CB2D4C4E2A5DCD62007B8C39 /* Media.swift */,
				CB3719B72A33660A009D5EA2 /* Movie.swift */,
				CB4DA0832A57193400C6FA11 /* Series.swift */,
				CB3FA30C2A6063B9005ADCF0 /* MovieDetail.swift */,
				CB3FA30E2A606595005ADCF0 /* SeriesDetail.swift */,
				CBE282F52A658F2F0094FE23 /* Upcoming.swift */,
				CB83E84C2A697A08004BE8EE /* Bookmark.swift */,
				CB83E84E2A697A10004BE8EE /* Review.swift */,
				CB14F5342AE6291100EDAA7B /* Video.swift */,
				CB7BA5A12AECDBE700BE4003 /* Size.swift */,
			);
			path = Model;
			sourceTree = "<group>";
		};
		CB3719B62A335F1D009D5EA2 /* Extensions */ = {
			isa = PBXGroup;
			children = (
				CBE282ED2A65852A0094FE23 /* Extension+Date.swift */,
				CB7A8F5F2A64579000DCE0C1 /* Extension+String.swift */,
				CB4DA0852A573C2600C6FA11 /* Extension+Collection.swift */,
				CB2F64F32A5424E80007854D /* Extension+UIButton.Configuration.swift */,
				CB1D1EA22ADD726D00B007CD /* Extension+NSCollectionLayoutSection.swift */,
				CB6AA9362A502C86001D5867 /* Extension+NSCollectionLayoutBoundarySupplementaryItem.swift */,
				CB2D4C4C2A5DCC86007B8C39 /* Extension+UIViewController.swift */,
			);
			path = Extensions;
			sourceTree = "<group>";
		};
		CB3AF6F02A5E96130055385B /* Screen */ = {
			isa = PBXGroup;
			children = (
				CB3AF6F52A5E964F0055385B /* Common */,
				CB3AF6F12A5E961F0055385B /* Home */,
				CB3FA3062A606055005ADCF0 /* Detail */,
				CB81A1832A8A543100195D37 /* Review */,
				CB3AF6F22A5E96240055385B /* Search */,
				CB3AF6F32A5E962D0055385B /* Upcoming */,
			);
			path = Screen;
			sourceTree = "<group>";
		};
		CB3AF6F12A5E961F0055385B /* Home */ = {
			isa = PBXGroup;
			children = (
				CB3AF6F72A5E96700055385B /* View */,
				CB3AF6FB2A5E96A40055385B /* ViewController */,
				CB3AF6FC2A5E96AB0055385B /* ViewModel */,
			);
			path = Home;
			sourceTree = "<group>";
		};
		CB3AF6F22A5E96240055385B /* Search */ = {
			isa = PBXGroup;
			children = (
				CB3AF6F82A5E967C0055385B /* View */,
				CB3AF6FD2A5E96C20055385B /* ViewController */,
				CB3AF6FE2A5E96C90055385B /* ViewModel */,
			);
			path = Search;
			sourceTree = "<group>";
		};
		CB3AF6F32A5E962D0055385B /* Upcoming */ = {
			isa = PBXGroup;
			children = (
				CBE282EA2A6583B50094FE23 /* View */,
				CBE282EB2A6583BB0094FE23 /* ViewController */,
				CBE282EC2A6583C20094FE23 /* ViewModel */,
			);
			path = Upcoming;
			sourceTree = "<group>";
		};
		CB3AF6F52A5E964F0055385B /* Common */ = {
			isa = PBXGroup;
			children = (
				CB962A212A9C6881003822F1 /* TopPagerTabBar */,
				CB3AF6F62A5E96640055385B /* View */,
				CB3AF6FF2A5E97060055385B /* ViewController */,
			);
			path = Common;
			sourceTree = "<group>";
		};
		CB3AF6F62A5E96640055385B /* View */ = {
			isa = PBXGroup;
			children = (
				CB6AA9322A502A22001D5867 /* TitleView.swift */,
				CBCEEEED2A0A9E7600CF7186 /* RoundImageCell.swift */,
			);
			path = View;
			sourceTree = "<group>";
		};
		CB3AF6F72A5E96700055385B /* View */ = {
			isa = PBXGroup;
			children = (
				CB9574532A4ECE0C0091F112 /* MovieHomeView.swift */,
				CB4DA07F2A5705F500C6FA11 /* SeriesHomeView.swift */,
			);
			path = View;
			sourceTree = "<group>";
		};
		CB3AF6F82A5E967C0055385B /* View */ = {
			isa = PBXGroup;
			children = (
				CB2D4C482A5DC918007B8C39 /* SearchView.swift */,
			);
			path = View;
			sourceTree = "<group>";
		};
		CB3AF6FB2A5E96A40055385B /* ViewController */ = {
			isa = PBXGroup;
			children = (
				CB3655992A52FAA900C2ACEF /* HomeTabViewController.swift */,
				CBCEEEDD2A0A85E400CF7186 /* MovieHomeViewController.swift */,
				CB4DA07D2A57053100C6FA11 /* SeriesHomeViewController.swift */,
			);
			path = ViewController;
			sourceTree = "<group>";
		};
		CB3AF6FC2A5E96AB0055385B /* ViewModel */ = {
			isa = PBXGroup;
			children = (
				CB3719BC2A338BCA009D5EA2 /* MovieHomeViewModel.swift */,
				CB4DA0812A57063500C6FA11 /* SeriesHomeViewModel.swift */,
			);
			path = ViewModel;
			sourceTree = "<group>";
		};
		CB3AF6FD2A5E96C20055385B /* ViewController */ = {
			isa = PBXGroup;
			children = (
				CB2D4C4A2A5DCB70007B8C39 /* SearchTabViewController.swift */,
				CBD40B852A5C534600E0EB3A /* SearchViewController.swift */,
			);
			path = ViewController;
			sourceTree = "<group>";
		};
		CB3AF6FE2A5E96C90055385B /* ViewModel */ = {
			isa = PBXGroup;
			children = (
				CBD40B872A5C538C00E0EB3A /* SearchViewModel.swift */,
			);
			path = ViewModel;
			sourceTree = "<group>";
		};
		CB3AF6FF2A5E97060055385B /* ViewController */ = {
			isa = PBXGroup;
			children = (
				CB2D4C462A5DBA8E007B8C39 /* RootTabBarController.swift */,
				CB3FA3042A605C87005ADCF0 /* BaseViewController.swift */,
				CB14F53B2AE6871F00EDAA7B /* WebViewController.swift */,
			);
			path = ViewController;
			sourceTree = "<group>";
		};
		CB3FA3062A606055005ADCF0 /* Detail */ = {
			isa = PBXGroup;
			children = (
				CB3FA3082A6060DF005ADCF0 /* View */,
				CB3FA3072A6060D1005ADCF0 /* ViewController */,
				CB3FA3092A6060E3005ADCF0 /* ViewModel */,
			);
			path = Detail;
			sourceTree = "<group>";
		};
		CB3FA3072A6060D1005ADCF0 /* ViewController */ = {
			isa = PBXGroup;
			children = (
				CB7A8F5B2A6432D700DCE0C1 /* MovieDetailViewController.swift */,
				CB7A8F672A6463FE00DCE0C1 /* SeriesDetailViewController.swift */,
			);
			path = ViewController;
			sourceTree = "<group>";
		};
		CB3FA3082A6060DF005ADCF0 /* View */ = {
			isa = PBXGroup;
			children = (
				CB81378E2AE7909F0085C0A0 /* PlayView.swift */,
				CB3FA30A2A6061A5005ADCF0 /* MovieDetailView.swift */,
				CB7A8F652A6463E500DCE0C1 /* SeriesDetailView.swift */,
			);
			path = View;
			sourceTree = "<group>";
		};
		CB3FA3092A6060E3005ADCF0 /* ViewModel */ = {
			isa = PBXGroup;
			children = (
				CB7A8F5D2A64330E00DCE0C1 /* MovieDetailViewModel.swift */,
				CB7A8F692A64640600DCE0C1 /* SeriesDetailViewModel.swift */,
			);
			path = ViewModel;
			sourceTree = "<group>";
		};
		CB6AA93A2A50866D001D5867 /* App */ = {
			isa = PBXGroup;
			children = (
				CBCEEED92A0A85E400CF7186 /* AppDelegate.swift */,
				CBCEEEDB2A0A85E400CF7186 /* SceneDelegate.swift */,
				CBCEEEE42A0A85E500CF7186 /* LaunchScreen.storyboard */,
				CB4DA07B2A56F7BB00C6FA11 /* Localizable.strings */,
				CBCEEEE22A0A85E500CF7186 /* Assets.xcassets */,
				CBCEEEE72A0A85E500CF7186 /* Info.plist */,
			);
			path = App;
			sourceTree = "<group>";
		};
		CB7BA5A32AECE31000BE4003 /* Protocol */ = {
			isa = PBXGroup;
			children = (
				CB7BA5A42AECE31E00BE4003 /* PosterRepresentable.swift */,
				CB7BA5A62AED4AFB00BE4003 /* SectionConvertible.swift */,
			);
			path = Protocol;
			sourceTree = "<group>";
		};
		CB81A1832A8A543100195D37 /* Review */ = {
			isa = PBXGroup;
			children = (
				CB81A1842A8A544B00195D37 /* View */,
				CB81A1852A8A545100195D37 /* ViewController */,
				CB81A1862A8A545D00195D37 /* ViewModel */,
			);
			path = Review;
			sourceTree = "<group>";
		};
		CB81A1842A8A544B00195D37 /* View */ = {
			isa = PBXGroup;
			children = (
				CBCA7A572AA0E8BC002DC45E /* ReviewListCell.swift */,
			);
			path = View;
			sourceTree = "<group>";
		};
		CB81A1852A8A545100195D37 /* ViewController */ = {
			isa = PBXGroup;
			children = (
				CB81A1872A8A547600195D37 /* ReviewViewController.swift */,
				CB4060E52A9FADBF005C2A43 /* ReviewListViewController.swift */,
			);
			path = ViewController;
			sourceTree = "<group>";
		};
		CB81A1862A8A545D00195D37 /* ViewModel */ = {
			isa = PBXGroup;
			children = (
				CBD6AAF62A94DB4E00525682 /* ReviewViewModel.swift */,
				CBCA7A552AA0BC19002DC45E /* ReviewListViewModel.swift */,
			);
			path = ViewModel;
			sourceTree = "<group>";
		};
		CB95744F2A4EC7D40091F112 /* Util */ = {
			isa = PBXGroup;
			children = (
				CBA9FB182A39FF5E00148F16 /* Constants */,
				CB3719B62A335F1D009D5EA2 /* Extensions */,
				CB6AA9342A502C4C001D5867 /* ElementKind.swift */,
			);
			path = Util;
			sourceTree = "<group>";
		};
		CB962A212A9C6881003822F1 /* TopPagerTabBar */ = {
			isa = PBXGroup;
			children = (
				CB962A282A9CA3D3003822F1 /* Configuration */,
				CB3FA3002A602188005ADCF0 /* TabBarItem.swift */,
				CB3FA2FE2A602165005ADCF0 /* PagerTabBarController.swift */,
			);
			path = TopPagerTabBar;
			sourceTree = "<group>";
		};
		CB962A282A9CA3D3003822F1 /* Configuration */ = {
			isa = PBXGroup;
			children = (
				CB962A262A9CA3AD003822F1 /* TabBarItem+Configuration.swift */,
				CB962A242A9CA390003822F1 /* PagerTabBarController+Configuration.swift */,
			);
			path = Configuration;
			sourceTree = "<group>";
		};
		CB962A2D2A9CB003003822F1 /* Data */ = {
			isa = PBXGroup;
			children = (
				CB962A3E2A9CC2BB003822F1 /* Repository */,
				CB0DD76F2A373FCF003116CE /* Network */,
				CB962A302A9CB326003822F1 /* Persistent Storage */,
				CB962A2F2A9CB07B003822F1 /* Image */,
			);
			path = Data;
			sourceTree = "<group>";
		};
		CB962A2E2A9CB015003822F1 /* Presentation */ = {
			isa = PBXGroup;
			children = (
				CB3719B22A335ED2009D5EA2 /* Model */,
				CB3AF6F02A5E96130055385B /* Screen */,
			);
			path = Presentation;
			sourceTree = "<group>";
		};
		CB962A2F2A9CB07B003822F1 /* Image */ = {
			isa = PBXGroup;
			children = (
				CB6AA9382A505DB4001D5867 /* ImageStorage.swift */,
			);
			path = Image;
			sourceTree = "<group>";
		};
		CB962A302A9CB326003822F1 /* Persistent Storage */ = {
			isa = PBXGroup;
			children = (
				CB9E73392A9E195D00F5675C /* Core Data */,
				CB962A362A9CB489003822F1 /* EntityMapping */,
			);
			path = "Persistent Storage";
			sourceTree = "<group>";
		};
		CB962A362A9CB489003822F1 /* EntityMapping */ = {
			isa = PBXGroup;
			children = (
				CB962A3C2A9CBD25003822F1 /* ReviewEntity+Mapping.swift */,
			);
			path = EntityMapping;
			sourceTree = "<group>";
		};
		CB962A3E2A9CC2BB003822F1 /* Repository */ = {
			isa = PBXGroup;
			children = (
				CB962A3F2A9CC2CB003822F1 /* ReviewRepository.swift */,
				CB4060E12A9F8B2B005C2A43 /* SaveReviewRepository.swift */,
				CB9E73402A9E58DB00F5675C /* LoadReviewRepository.swift */,
				CBAB9B412ABDDD62000D929A /* MovieRepository.swift */,
				CBAB9B472ABDE8EB000D929A /* SeriesRepository.swift */,
			);
			path = Repository;
			sourceTree = "<group>";
		};
		CB9E732B2A9DE24000F5675C /* FilmFolioTests */ = {
			isa = PBXGroup;
			children = (
				CB9E73332A9DE2A300F5675C /* ReviewRepositoryTests.swift */,
			);
			path = FilmFolioTests;
			sourceTree = "<group>";
		};
		CB9E73392A9E195D00F5675C /* Core Data */ = {
			isa = PBXGroup;
			children = (
				CB962A332A9CB3E6003822F1 /* Model.xcdatamodeld */,
				CB962A312A9CB389003822F1 /* CoreDataStorage.swift */,
				CB9E73352A9E192600F5675C /* CoreDataStorageError.swift */,
			);
			path = "Core Data";
			sourceTree = "<group>";
		};
		CB9E733D2A9E4CBE00F5675C /* Frameworks */ = {
			isa = PBXGroup;
			children = (
			);
			name = Frameworks;
			sourceTree = "<group>";
		};
		CBA9FB182A39FF5E00148F16 /* Constants */ = {
			isa = PBXGroup;
			children = (
				CB4060E32A9F96D2005C2A43 /* DateFormat.swift */,
				CBAB9B432ABDDDBD000D929A /* API.swift */,
			);
			path = Constants;
			sourceTree = "<group>";
		};
		CBAB9B462ABDE898000D929A /* Model */ = {
			isa = PBXGroup;
			children = (
				CB3FA3022A603CCD005ADCF0 /* TMDBResponse.swift */,
				CB14F5322AE628CA00EDAA7B /* VideoResponse.swift */,
				CB14F5362AE62A4700EDAA7B /* VideoData.swift */,
				CBC3C85B2AEC26E400CA0283 /* MovieData.swift */,
				CBC3C8632AEC368E00CA0283 /* SeriesData.swift */,
				CBC3C85F2AEC2EBF00CA0283 /* MovieDetailData.swift */,
				CBC3C8672AEC39DA00CA0283 /* SeriesDetailData.swift */,
			);
			path = Model;
			sourceTree = "<group>";
		};
		CBCEEECD2A0A85E400CF7186 = {
			isa = PBXGroup;
			children = (
				CBCEEED82A0A85E400CF7186 /* FilmFolio */,
				CBE4AE0F2A59AFB5000AC220 /* FilmFolioUITests */,
				CB9E732B2A9DE24000F5675C /* FilmFolioTests */,
				CBCEEED72A0A85E400CF7186 /* Products */,
				CB9E733D2A9E4CBE00F5675C /* Frameworks */,
			);
			sourceTree = "<group>";
		};
		CBCEEED72A0A85E400CF7186 /* Products */ = {
			isa = PBXGroup;
			children = (
				CBCEEED62A0A85E400CF7186 /* FilmFolio.app */,
				CBE4AE0E2A59AFB5000AC220 /* FilmFolioUITests.xctest */,
				CB9E732A2A9DE24000F5675C /* FilmFolioTests.xctest */,
			);
			name = Products;
			sourceTree = "<group>";
		};
		CBCEEED82A0A85E400CF7186 /* FilmFolio */ = {
			isa = PBXGroup;
			children = (
				CB6AA93A2A50866D001D5867 /* App */,
				CB962A2E2A9CB015003822F1 /* Presentation */,
				CB962A2D2A9CB003003822F1 /* Data */,
				CB95744F2A4EC7D40091F112 /* Util */,
			);
			path = FilmFolio;
			sourceTree = "<group>";
		};
		CBE282EA2A6583B50094FE23 /* View */ = {
			isa = PBXGroup;
			children = (
				CBE282F72A65A1690094FE23 /* UpcomingCell.swift */,
				CBE282EF2A6588590094FE23 /* UpcomingView.swift */,
			);
			path = View;
			sourceTree = "<group>";
		};
		CBE282EB2A6583BB0094FE23 /* ViewController */ = {
			isa = PBXGroup;
			children = (
				CBE282F12A6588670094FE23 /* UpcomingViewController.swift */,
			);
			path = ViewController;
			sourceTree = "<group>";
		};
		CBE282EC2A6583C20094FE23 /* ViewModel */ = {
			isa = PBXGroup;
			children = (
				CBE282F32A65886F0094FE23 /* UpcomingViewModel.swift */,
			);
			path = ViewModel;
			sourceTree = "<group>";
		};
		CBE4AE0F2A59AFB5000AC220 /* FilmFolioUITests */ = {
			isa = PBXGroup;
			children = (
				CBE4AE1A2A59C23D000AC220 /* PerformanceXCTests.swift */,
				CBE4AE102A59AFB5000AC220 /* FilmFolioUITests.swift */,
				CBE4AE122A59AFB5000AC220 /* FilmFolioUITestsLaunchTests.swift */,
				CBE4AE192A59B01D000AC220 /* PerformanceXCTests.xctestplan */,
			);
			path = FilmFolioUITests;
			sourceTree = "<group>";
		};
/* End PBXGroup section */

/* Begin PBXNativeTarget section */
		CB9E73292A9DE24000F5675C /* FilmFolioTests */ = {
			isa = PBXNativeTarget;
			buildConfigurationList = CB9E73302A9DE24000F5675C /* Build configuration list for PBXNativeTarget "FilmFolioTests" */;
			buildPhases = (
				CB9E73262A9DE24000F5675C /* Sources */,
				CB9E73272A9DE24000F5675C /* Frameworks */,
				CB9E73282A9DE24000F5675C /* Resources */,
			);
			buildRules = (
			);
			dependencies = (
				CB9E732F2A9DE24000F5675C /* PBXTargetDependency */,
			);
			name = FilmFolioTests;
			packageProductDependencies = (
				CB9E73442A9E5DBB00F5675C /* RxCocoa */,
			);
			productName = FilmFolioTests;
			productReference = CB9E732A2A9DE24000F5675C /* FilmFolioTests.xctest */;
			productType = "com.apple.product-type.bundle.unit-test";
		};
		CBCEEED52A0A85E400CF7186 /* FilmFolio */ = {
			isa = PBXNativeTarget;
			buildConfigurationList = CBCEEEEA2A0A85E500CF7186 /* Build configuration list for PBXNativeTarget "FilmFolio" */;
			buildPhases = (
				CBCEEED22A0A85E400CF7186 /* Sources */,
				CBCEEED32A0A85E400CF7186 /* Frameworks */,
				CBCEEED42A0A85E400CF7186 /* Resources */,
			);
			buildRules = (
			);
			dependencies = (
			);
			name = FilmFolio;
			packageProductDependencies = (
				CBF40C3A2A4DE4210083610E /* RxCocoa */,
				CB9574512A4ECA9E0091F112 /* SnapKit */,
			);
			productName = FilmFolio;
			productReference = CBCEEED62A0A85E400CF7186 /* FilmFolio.app */;
			productType = "com.apple.product-type.application";
		};
		CBE4AE0D2A59AFB5000AC220 /* FilmFolioUITests */ = {
			isa = PBXNativeTarget;
			buildConfigurationList = CBE4AE182A59AFB5000AC220 /* Build configuration list for PBXNativeTarget "FilmFolioUITests" */;
			buildPhases = (
				CBE4AE0A2A59AFB5000AC220 /* Sources */,
				CBE4AE0B2A59AFB5000AC220 /* Frameworks */,
				CBE4AE0C2A59AFB5000AC220 /* Resources */,
			);
			buildRules = (
			);
			dependencies = (
				CBE4AE152A59AFB5000AC220 /* PBXTargetDependency */,
			);
			name = FilmFolioUITests;
			productName = FilmFolioUITests;
			productReference = CBE4AE0E2A59AFB5000AC220 /* FilmFolioUITests.xctest */;
			productType = "com.apple.product-type.bundle.ui-testing";
		};
/* End PBXNativeTarget section */

/* Begin PBXProject section */
		CBCEEECE2A0A85E400CF7186 /* Project object */ = {
			isa = PBXProject;
			attributes = {
				BuildIndependentTargetsInParallel = 1;
				LastSwiftUpdateCheck = 1430;
				LastUpgradeCheck = 1500;
				TargetAttributes = {
					CB9E73292A9DE24000F5675C = {
						CreatedOnToolsVersion = 14.3.1;
						TestTargetID = CBCEEED52A0A85E400CF7186;
					};
					CBCEEED52A0A85E400CF7186 = {
						CreatedOnToolsVersion = 14.3;
					};
					CBE4AE0D2A59AFB5000AC220 = {
						CreatedOnToolsVersion = 14.3.1;
						TestTargetID = CBCEEED52A0A85E400CF7186;
					};
				};
			};
			buildConfigurationList = CBCEEED12A0A85E400CF7186 /* Build configuration list for PBXProject "FilmFolio" */;
			compatibilityVersion = "Xcode 14.0";
			developmentRegion = en;
			hasScannedForEncodings = 0;
			knownRegions = (
				en,
				Base,
				ko,
			);
			mainGroup = CBCEEECD2A0A85E400CF7186;
			packageReferences = (
				CBF40C392A4DE4210083610E /* XCRemoteSwiftPackageReference "RxSwift" */,
				CB9574502A4ECA9E0091F112 /* XCRemoteSwiftPackageReference "SnapKit" */,
			);
			productRefGroup = CBCEEED72A0A85E400CF7186 /* Products */;
			projectDirPath = "";
			projectRoot = "";
			targets = (
				CBCEEED52A0A85E400CF7186 /* FilmFolio */,
				CBE4AE0D2A59AFB5000AC220 /* FilmFolioUITests */,
				CB9E73292A9DE24000F5675C /* FilmFolioTests */,
			);
		};
/* End PBXProject section */

/* Begin PBXResourcesBuildPhase section */
		CB9E73282A9DE24000F5675C /* Resources */ = {
			isa = PBXResourcesBuildPhase;
			buildActionMask = 2147483647;
			files = (
			);
			runOnlyForDeploymentPostprocessing = 0;
		};
		CBCEEED42A0A85E400CF7186 /* Resources */ = {
			isa = PBXResourcesBuildPhase;
			buildActionMask = 2147483647;
			files = (
				CBCEEEE62A0A85E500CF7186 /* LaunchScreen.storyboard in Resources */,
				CB4DA0792A56F7BB00C6FA11 /* Localizable.strings in Resources */,
				CBCEEEE32A0A85E500CF7186 /* Assets.xcassets in Resources */,
			);
			runOnlyForDeploymentPostprocessing = 0;
		};
		CBE4AE0C2A59AFB5000AC220 /* Resources */ = {
			isa = PBXResourcesBuildPhase;
			buildActionMask = 2147483647;
			files = (
			);
			runOnlyForDeploymentPostprocessing = 0;
		};
/* End PBXResourcesBuildPhase section */

/* Begin PBXSourcesBuildPhase section */
		CB9E73262A9DE24000F5675C /* Sources */ = {
			isa = PBXSourcesBuildPhase;
			buildActionMask = 2147483647;
			files = (
				CB9E73342A9DE2A300F5675C /* ReviewRepositoryTests.swift in Sources */,
			);
			runOnlyForDeploymentPostprocessing = 0;
		};
		CBCEEED22A0A85E400CF7186 /* Sources */ = {
			isa = PBXSourcesBuildPhase;
			buildActionMask = 2147483647;
			files = (
				CB2D4C4D2A5DCC86007B8C39 /* Extension+UIViewController.swift in Sources */,
				CB962A352A9CB3E6003822F1 /* Model.xcdatamodeld in Sources */,
				CBCEEEDE2A0A85E400CF7186 /* MovieHomeViewController.swift in Sources */,
				CB9E73362A9E192600F5675C /* CoreDataStorageError.swift in Sources */,
				CB4DA0862A573C2600C6FA11 /* Extension+Collection.swift in Sources */,
				CB7A8F6A2A64640600DCE0C1 /* SeriesDetailViewModel.swift in Sources */,
				CBD40B862A5C534600E0EB3A /* SearchViewController.swift in Sources */,
				CB962A322A9CB389003822F1 /* CoreDataStorage.swift in Sources */,
				CB4DA07E2A57053100C6FA11 /* SeriesHomeViewController.swift in Sources */,
				CB1D1EA32ADD726D00B007CD /* Extension+NSCollectionLayoutSection.swift in Sources */,
				CB81A1882A8A547600195D37 /* ReviewViewController.swift in Sources */,
				CB9574562A4F09020091F112 /* NetworkError.swift in Sources */,
				CB14F53C2AE6871F00EDAA7B /* WebViewController.swift in Sources */,
				CB14F5352AE6291100EDAA7B /* Video.swift in Sources */,
				CBE282F62A658F2F0094FE23 /* Upcoming.swift in Sources */,
				CB0DD7712A373FF9003116CE /* Endpoint.swift in Sources */,
				CB9574542A4ECE0C0091F112 /* MovieHomeView.swift in Sources */,
				CBE282F82A65A1690094FE23 /* UpcomingCell.swift in Sources */,
				CBCEEEDA2A0A85E400CF7186 /* AppDelegate.swift in Sources */,
				CBC3C86A2AEC39E500CA0283 /* SeriesDetailData+Mapping.swift in Sources */,
				CB7BA5A22AECDBE700BE4003 /* Size.swift in Sources */,
				CB3719B82A33660A009D5EA2 /* Movie.swift in Sources */,
				CBC3C85E2AEC26F800CA0283 /* MovieData+Mapping.swift in Sources */,
				CB14F53A2AE62B5100EDAA7B /* VideoData+Mapping.swift in Sources */,
				CB3FA30F2A606595005ADCF0 /* SeriesDetail.swift in Sources */,
				CB3FA3052A605C87005ADCF0 /* BaseViewController.swift in Sources */,
				CB962A272A9CA3AD003822F1 /* TabBarItem+Configuration.swift in Sources */,
				CBE282EE2A65852A0094FE23 /* Extension+Date.swift in Sources */,
				CBC3C8662AEC390000CA0283 /* SeriesData+Mapping.swift in Sources */,
				CB2D4C4F2A5DCD62007B8C39 /* Media.swift in Sources */,
				CB7A8F682A6463FE00DCE0C1 /* SeriesDetailViewController.swift in Sources */,
				CB2D4C492A5DC918007B8C39 /* SearchView.swift in Sources */,
				CB83E84D2A697A08004BE8EE /* Bookmark.swift in Sources */,
				CBAB9B482ABDE8EB000D929A /* SeriesRepository.swift in Sources */,
				CB962A3D2A9CBD25003822F1 /* ReviewEntity+Mapping.swift in Sources */,
				CB6AA9392A505DB4001D5867 /* ImageStorage.swift in Sources */,
				CB7BA5A72AED4AFB00BE4003 /* SectionConvertible.swift in Sources */,
				CB3FA30B2A6061A5005ADCF0 /* MovieDetailView.swift in Sources */,
				CBAB9B422ABDDD62000D929A /* MovieRepository.swift in Sources */,
				CB3FA2FF2A602165005ADCF0 /* PagerTabBarController.swift in Sources */,
				CB3719BD2A338BCA009D5EA2 /* MovieHomeViewModel.swift in Sources */,
				CB3719BA2A336EAC009D5EA2 /* NetworkManager.swift in Sources */,
				CB4DA0822A57063500C6FA11 /* SeriesHomeViewModel.swift in Sources */,
				CB3FA30D2A6063B9005ADCF0 /* MovieDetail.swift in Sources */,
				CBD6AAF72A94DB4E00525682 /* ReviewViewModel.swift in Sources */,
				CBE282F02A6588590094FE23 /* UpcomingView.swift in Sources */,
				CBC3C8602AEC2EBF00CA0283 /* MovieDetailData.swift in Sources */,
				CB7BA5A52AECE31E00BE4003 /* PosterRepresentable.swift in Sources */,
				CB14F5332AE628CA00EDAA7B /* VideoResponse.swift in Sources */,
				CB3FA3032A603CCD005ADCF0 /* TMDBResponse.swift in Sources */,
				CB2D4C4B2A5DCB70007B8C39 /* SearchTabViewController.swift in Sources */,
				CBC3C85C2AEC26E400CA0283 /* MovieData.swift in Sources */,
				CB7A8F5C2A6432D700DCE0C1 /* MovieDetailViewController.swift in Sources */,
				CB7A8F662A6463E500DCE0C1 /* SeriesDetailView.swift in Sources */,
				CB9E73412A9E58DB00F5675C /* LoadReviewRepository.swift in Sources */,
				CB7A8F5E2A64330E00DCE0C1 /* MovieDetailViewModel.swift in Sources */,
				CB4060E62A9FADBF005C2A43 /* ReviewListViewController.swift in Sources */,
				CB962A252A9CA390003822F1 /* PagerTabBarController+Configuration.swift in Sources */,
				CBE282F42A65886F0094FE23 /* UpcomingViewModel.swift in Sources */,
				CB4DA0802A5705F500C6FA11 /* SeriesHomeView.swift in Sources */,
				CB14F5372AE62A4700EDAA7B /* VideoData.swift in Sources */,
				CB4DA0842A57193400C6FA11 /* Series.swift in Sources */,
				CBCA7A562AA0BC19002DC45E /* ReviewListViewModel.swift in Sources */,
				CB6AA9332A502A22001D5867 /* TitleView.swift in Sources */,
				CBC3C8682AEC39DA00CA0283 /* SeriesDetailData.swift in Sources */,
				CBC3C8622AEC300D00CA0283 /* MovieDetailData+Mapping.swift in Sources */,
				CB962A402A9CC2CB003822F1 /* ReviewRepository.swift in Sources */,
				CB81378F2AE7909F0085C0A0 /* PlayView.swift in Sources */,
				CB2F64F42A5424E80007854D /* Extension+UIButton.Configuration.swift in Sources */,
				CB0DD7732A37439C003116CE /* EndpointCollection.swift in Sources */,
				CBCA7A582AA0E8BC002DC45E /* ReviewListCell.swift in Sources */,
				CB6AA9352A502C4C001D5867 /* ElementKind.swift in Sources */,
				CBD40B882A5C538C00E0EB3A /* SearchViewModel.swift in Sources */,
				CBE282F22A6588670094FE23 /* UpcomingViewController.swift in Sources */,
				CB4060E22A9F8B2B005C2A43 /* SaveReviewRepository.swift in Sources */,
				CB2D4C472A5DBA8E007B8C39 /* RootTabBarController.swift in Sources */,
				CBC3C8642AEC368E00CA0283 /* SeriesData.swift in Sources */,
				CB36559A2A52FAA900C2ACEF /* HomeTabViewController.swift in Sources */,
				CB83E84F2A697A10004BE8EE /* Review.swift in Sources */,
				CBAB9B452ABDDE39000D929A /* API.swift in Sources */,
				CB4060E42A9F96D2005C2A43 /* DateFormat.swift in Sources */,
				CBCEEEDC2A0A85E400CF7186 /* SceneDelegate.swift in Sources */,
				CB7A8F602A64579000DCE0C1 /* Extension+String.swift in Sources */,
				CB3FA3012A602188005ADCF0 /* TabBarItem.swift in Sources */,
				CBCEEEEE2A0A9E7600CF7186 /* RoundImageCell.swift in Sources */,
				CB6AA9372A502C86001D5867 /* Extension+NSCollectionLayoutBoundarySupplementaryItem.swift in Sources */,
			);
			runOnlyForDeploymentPostprocessing = 0;
		};
		CBE4AE0A2A59AFB5000AC220 /* Sources */ = {
			isa = PBXSourcesBuildPhase;
			buildActionMask = 2147483647;
			files = (
				CBE4AE132A59AFB5000AC220 /* FilmFolioUITestsLaunchTests.swift in Sources */,
				CBE4AE1B2A59C23D000AC220 /* PerformanceXCTests.swift in Sources */,
				CBE4AE112A59AFB5000AC220 /* FilmFolioUITests.swift in Sources */,
			);
			runOnlyForDeploymentPostprocessing = 0;
		};
/* End PBXSourcesBuildPhase section */

/* Begin PBXTargetDependency section */
		CB9E732F2A9DE24000F5675C /* PBXTargetDependency */ = {
			isa = PBXTargetDependency;
			target = CBCEEED52A0A85E400CF7186 /* FilmFolio */;
			targetProxy = CB9E732E2A9DE24000F5675C /* PBXContainerItemProxy */;
		};
		CBE4AE152A59AFB5000AC220 /* PBXTargetDependency */ = {
			isa = PBXTargetDependency;
			target = CBCEEED52A0A85E400CF7186 /* FilmFolio */;
			targetProxy = CBE4AE142A59AFB5000AC220 /* PBXContainerItemProxy */;
		};
/* End PBXTargetDependency section */

/* Begin PBXVariantGroup section */
		CB4DA07B2A56F7BB00C6FA11 /* Localizable.strings */ = {
			isa = PBXVariantGroup;
			children = (
				CB4DA07A2A56F7BB00C6FA11 /* en */,
				CB4DA07C2A56F8AC00C6FA11 /* ko */,
			);
			name = Localizable.strings;
			sourceTree = "<group>";
		};
		CBCEEEE42A0A85E500CF7186 /* LaunchScreen.storyboard */ = {
			isa = PBXVariantGroup;
			children = (
				CBCEEEE52A0A85E500CF7186 /* Base */,
			);
			name = LaunchScreen.storyboard;
			sourceTree = "<group>";
		};
/* End PBXVariantGroup section */

/* Begin XCBuildConfiguration section */
		CB9E73312A9DE24000F5675C /* Debug */ = {
			isa = XCBuildConfiguration;
			buildSettings = {
				BUNDLE_LOADER = "$(TEST_HOST)";
				CODE_SIGN_STYLE = Automatic;
				CURRENT_PROJECT_VERSION = 1;
				GENERATE_INFOPLIST_FILE = YES;
				MARKETING_VERSION = 1.0;
				PRODUCT_BUNDLE_IDENTIFIER = com.sominn9.FilmFolioTests;
				PRODUCT_NAME = "$(TARGET_NAME)";
				SWIFT_EMIT_LOC_STRINGS = NO;
				SWIFT_VERSION = 5.0;
				TARGETED_DEVICE_FAMILY = "1,2";
				TEST_HOST = "$(BUILT_PRODUCTS_DIR)/FilmFolio.app/$(BUNDLE_EXECUTABLE_FOLDER_PATH)/FilmFolio";
			};
			name = Debug;
		};
		CB9E73322A9DE24000F5675C /* Release */ = {
			isa = XCBuildConfiguration;
			buildSettings = {
				BUNDLE_LOADER = "$(TEST_HOST)";
				CODE_SIGN_STYLE = Automatic;
				CURRENT_PROJECT_VERSION = 1;
				GENERATE_INFOPLIST_FILE = YES;
				MARKETING_VERSION = 1.0;
				PRODUCT_BUNDLE_IDENTIFIER = com.sominn9.FilmFolioTests;
				PRODUCT_NAME = "$(TARGET_NAME)";
				SWIFT_EMIT_LOC_STRINGS = NO;
				SWIFT_VERSION = 5.0;
				TARGETED_DEVICE_FAMILY = "1,2";
				TEST_HOST = "$(BUILT_PRODUCTS_DIR)/FilmFolio.app/$(BUNDLE_EXECUTABLE_FOLDER_PATH)/FilmFolio";
			};
			name = Release;
		};
		CBCEEEE82A0A85E500CF7186 /* Debug */ = {
			isa = XCBuildConfiguration;
			buildSettings = {
				ALWAYS_SEARCH_USER_PATHS = NO;
				CLANG_ANALYZER_LOCALIZABILITY_NONLOCALIZED = YES;
				CLANG_ANALYZER_NONNULL = YES;
				CLANG_ANALYZER_NUMBER_OBJECT_CONVERSION = YES_AGGRESSIVE;
				CLANG_CXX_LANGUAGE_STANDARD = "gnu++20";
				CLANG_ENABLE_MODULES = YES;
				CLANG_ENABLE_OBJC_ARC = YES;
				CLANG_ENABLE_OBJC_WEAK = YES;
				CLANG_WARN_BLOCK_CAPTURE_AUTORELEASING = YES;
				CLANG_WARN_BOOL_CONVERSION = YES;
				CLANG_WARN_COMMA = YES;
				CLANG_WARN_CONSTANT_CONVERSION = YES;
				CLANG_WARN_DEPRECATED_OBJC_IMPLEMENTATIONS = YES;
				CLANG_WARN_DIRECT_OBJC_ISA_USAGE = YES_ERROR;
				CLANG_WARN_DOCUMENTATION_COMMENTS = YES;
				CLANG_WARN_EMPTY_BODY = YES;
				CLANG_WARN_ENUM_CONVERSION = YES;
				CLANG_WARN_INFINITE_RECURSION = YES;
				CLANG_WARN_INT_CONVERSION = YES;
				CLANG_WARN_NON_LITERAL_NULL_CONVERSION = YES;
				CLANG_WARN_OBJC_IMPLICIT_RETAIN_SELF = YES;
				CLANG_WARN_OBJC_LITERAL_CONVERSION = YES;
				CLANG_WARN_OBJC_ROOT_CLASS = YES_ERROR;
				CLANG_WARN_QUOTED_INCLUDE_IN_FRAMEWORK_HEADER = YES;
				CLANG_WARN_RANGE_LOOP_ANALYSIS = YES;
				CLANG_WARN_STRICT_PROTOTYPES = YES;
				CLANG_WARN_SUSPICIOUS_MOVE = YES;
				CLANG_WARN_UNGUARDED_AVAILABILITY = YES_AGGRESSIVE;
				CLANG_WARN_UNREACHABLE_CODE = YES;
				CLANG_WARN__DUPLICATE_METHOD_MATCH = YES;
				COPY_PHASE_STRIP = NO;
				DEBUG_INFORMATION_FORMAT = dwarf;
				ENABLE_STRICT_OBJC_MSGSEND = YES;
				ENABLE_TESTABILITY = YES;
				ENABLE_USER_SCRIPT_SANDBOXING = YES;
				GCC_C_LANGUAGE_STANDARD = gnu11;
				GCC_DYNAMIC_NO_PIC = NO;
				GCC_NO_COMMON_BLOCKS = YES;
				GCC_OPTIMIZATION_LEVEL = 0;
				GCC_PREPROCESSOR_DEFINITIONS = (
					"DEBUG=1",
					"$(inherited)",
				);
				GCC_WARN_64_TO_32_BIT_CONVERSION = YES;
				GCC_WARN_ABOUT_RETURN_TYPE = YES_ERROR;
				GCC_WARN_UNDECLARED_SELECTOR = YES;
				GCC_WARN_UNINITIALIZED_AUTOS = YES_AGGRESSIVE;
				GCC_WARN_UNUSED_FUNCTION = YES;
				GCC_WARN_UNUSED_VARIABLE = YES;
				IPHONEOS_DEPLOYMENT_TARGET = 16.4;
				MTL_ENABLE_DEBUG_INFO = INCLUDE_SOURCE;
				MTL_FAST_MATH = YES;
				ONLY_ACTIVE_ARCH = YES;
				SDKROOT = iphoneos;
				SWIFT_ACTIVE_COMPILATION_CONDITIONS = DEBUG;
				SWIFT_OPTIMIZATION_LEVEL = "-Onone";
			};
			name = Debug;
		};
		CBCEEEE92A0A85E500CF7186 /* Release */ = {
			isa = XCBuildConfiguration;
			buildSettings = {
				ALWAYS_SEARCH_USER_PATHS = NO;
				CLANG_ANALYZER_LOCALIZABILITY_NONLOCALIZED = YES;
				CLANG_ANALYZER_NONNULL = YES;
				CLANG_ANALYZER_NUMBER_OBJECT_CONVERSION = YES_AGGRESSIVE;
				CLANG_CXX_LANGUAGE_STANDARD = "gnu++20";
				CLANG_ENABLE_MODULES = YES;
				CLANG_ENABLE_OBJC_ARC = YES;
				CLANG_ENABLE_OBJC_WEAK = YES;
				CLANG_WARN_BLOCK_CAPTURE_AUTORELEASING = YES;
				CLANG_WARN_BOOL_CONVERSION = YES;
				CLANG_WARN_COMMA = YES;
				CLANG_WARN_CONSTANT_CONVERSION = YES;
				CLANG_WARN_DEPRECATED_OBJC_IMPLEMENTATIONS = YES;
				CLANG_WARN_DIRECT_OBJC_ISA_USAGE = YES_ERROR;
				CLANG_WARN_DOCUMENTATION_COMMENTS = YES;
				CLANG_WARN_EMPTY_BODY = YES;
				CLANG_WARN_ENUM_CONVERSION = YES;
				CLANG_WARN_INFINITE_RECURSION = YES;
				CLANG_WARN_INT_CONVERSION = YES;
				CLANG_WARN_NON_LITERAL_NULL_CONVERSION = YES;
				CLANG_WARN_OBJC_IMPLICIT_RETAIN_SELF = YES;
				CLANG_WARN_OBJC_LITERAL_CONVERSION = YES;
				CLANG_WARN_OBJC_ROOT_CLASS = YES_ERROR;
				CLANG_WARN_QUOTED_INCLUDE_IN_FRAMEWORK_HEADER = YES;
				CLANG_WARN_RANGE_LOOP_ANALYSIS = YES;
				CLANG_WARN_STRICT_PROTOTYPES = YES;
				CLANG_WARN_SUSPICIOUS_MOVE = YES;
				CLANG_WARN_UNGUARDED_AVAILABILITY = YES_AGGRESSIVE;
				CLANG_WARN_UNREACHABLE_CODE = YES;
				CLANG_WARN__DUPLICATE_METHOD_MATCH = YES;
				COPY_PHASE_STRIP = NO;
				DEBUG_INFORMATION_FORMAT = "dwarf-with-dsym";
				ENABLE_NS_ASSERTIONS = NO;
				ENABLE_STRICT_OBJC_MSGSEND = YES;
				ENABLE_USER_SCRIPT_SANDBOXING = YES;
				GCC_C_LANGUAGE_STANDARD = gnu11;
				GCC_NO_COMMON_BLOCKS = YES;
				GCC_WARN_64_TO_32_BIT_CONVERSION = YES;
				GCC_WARN_ABOUT_RETURN_TYPE = YES_ERROR;
				GCC_WARN_UNDECLARED_SELECTOR = YES;
				GCC_WARN_UNINITIALIZED_AUTOS = YES_AGGRESSIVE;
				GCC_WARN_UNUSED_FUNCTION = YES;
				GCC_WARN_UNUSED_VARIABLE = YES;
				IPHONEOS_DEPLOYMENT_TARGET = 16.4;
				MTL_ENABLE_DEBUG_INFO = NO;
				MTL_FAST_MATH = YES;
				SDKROOT = iphoneos;
				SWIFT_COMPILATION_MODE = wholemodule;
				SWIFT_OPTIMIZATION_LEVEL = "-O";
				VALIDATE_PRODUCT = YES;
			};
			name = Release;
		};
		CBCEEEEB2A0A85E500CF7186 /* Debug */ = {
			isa = XCBuildConfiguration;
			buildSettings = {
				ASSETCATALOG_COMPILER_APPICON_NAME = AppIcon;
				ASSETCATALOG_COMPILER_GLOBAL_ACCENT_COLOR_NAME = AccentColor;
				CODE_SIGN_STYLE = Automatic;
				CURRENT_PROJECT_VERSION = 1;
				DEVELOPMENT_TEAM = 36N4X279LQ;
				GENERATE_INFOPLIST_FILE = YES;
				INFOPLIST_FILE = FilmFolio/App/Info.plist;
				INFOPLIST_KEY_CFBundleDisplayName = "Film Folio";
				INFOPLIST_KEY_UIApplicationSupportsIndirectInputEvents = YES;
				INFOPLIST_KEY_UILaunchStoryboardName = LaunchScreen;
				INFOPLIST_KEY_UIMainStoryboardFile = "";
				INFOPLIST_KEY_UISupportedInterfaceOrientations_iPad = "UIInterfaceOrientationPortrait UIInterfaceOrientationPortraitUpsideDown UIInterfaceOrientationLandscapeLeft UIInterfaceOrientationLandscapeRight";
				INFOPLIST_KEY_UISupportedInterfaceOrientations_iPhone = "UIInterfaceOrientationPortrait UIInterfaceOrientationLandscapeLeft UIInterfaceOrientationLandscapeRight";
				LD_RUNPATH_SEARCH_PATHS = (
					"$(inherited)",
					"@executable_path/Frameworks",
				);
				MARKETING_VERSION = 1.0;
				PRODUCT_BUNDLE_IDENTIFIER = com.sominn9.FilmFolio;
				PRODUCT_NAME = "$(TARGET_NAME)";
				SWIFT_EMIT_LOC_STRINGS = YES;
				SWIFT_VERSION = 5.0;
				TARGETED_DEVICE_FAMILY = "1,2";
			};
			name = Debug;
		};
		CBCEEEEC2A0A85E500CF7186 /* Release */ = {
			isa = XCBuildConfiguration;
			buildSettings = {
				ASSETCATALOG_COMPILER_APPICON_NAME = AppIcon;
				ASSETCATALOG_COMPILER_GLOBAL_ACCENT_COLOR_NAME = AccentColor;
				CODE_SIGN_STYLE = Automatic;
				CURRENT_PROJECT_VERSION = 1;
				DEVELOPMENT_TEAM = 36N4X279LQ;
				GENERATE_INFOPLIST_FILE = YES;
				INFOPLIST_FILE = FilmFolio/App/Info.plist;
				INFOPLIST_KEY_CFBundleDisplayName = "Film Folio";
				INFOPLIST_KEY_UIApplicationSupportsIndirectInputEvents = YES;
				INFOPLIST_KEY_UILaunchStoryboardName = LaunchScreen;
				INFOPLIST_KEY_UIMainStoryboardFile = "";
				INFOPLIST_KEY_UISupportedInterfaceOrientations_iPad = "UIInterfaceOrientationPortrait UIInterfaceOrientationPortraitUpsideDown UIInterfaceOrientationLandscapeLeft UIInterfaceOrientationLandscapeRight";
				INFOPLIST_KEY_UISupportedInterfaceOrientations_iPhone = "UIInterfaceOrientationPortrait UIInterfaceOrientationLandscapeLeft UIInterfaceOrientationLandscapeRight";
				LD_RUNPATH_SEARCH_PATHS = (
					"$(inherited)",
					"@executable_path/Frameworks",
				);
				MARKETING_VERSION = 1.0;
				PRODUCT_BUNDLE_IDENTIFIER = com.sominn9.FilmFolio;
				PRODUCT_NAME = "$(TARGET_NAME)";
				SWIFT_EMIT_LOC_STRINGS = YES;
				SWIFT_VERSION = 5.0;
				TARGETED_DEVICE_FAMILY = "1,2";
			};
			name = Release;
		};
		CBE4AE162A59AFB5000AC220 /* Debug */ = {
			isa = XCBuildConfiguration;
			buildSettings = {
				CODE_SIGN_STYLE = Automatic;
				CURRENT_PROJECT_VERSION = 1;
				DEVELOPMENT_TEAM = 36N4X279LQ;
				GENERATE_INFOPLIST_FILE = YES;
				MARKETING_VERSION = 1.0;
				PRODUCT_BUNDLE_IDENTIFIER = com.sominn9.FilmFolioUITests;
				PRODUCT_NAME = "$(TARGET_NAME)";
				SWIFT_EMIT_LOC_STRINGS = NO;
				SWIFT_VERSION = 5.0;
				TARGETED_DEVICE_FAMILY = "1,2";
				TEST_TARGET_NAME = FilmFolio;
			};
			name = Debug;
		};
		CBE4AE172A59AFB5000AC220 /* Release */ = {
			isa = XCBuildConfiguration;
			buildSettings = {
				CODE_SIGN_STYLE = Automatic;
				CURRENT_PROJECT_VERSION = 1;
				DEVELOPMENT_TEAM = 36N4X279LQ;
				GENERATE_INFOPLIST_FILE = YES;
				MARKETING_VERSION = 1.0;
				PRODUCT_BUNDLE_IDENTIFIER = com.sominn9.FilmFolioUITests;
				PRODUCT_NAME = "$(TARGET_NAME)";
				SWIFT_EMIT_LOC_STRINGS = NO;
				SWIFT_VERSION = 5.0;
				TARGETED_DEVICE_FAMILY = "1,2";
				TEST_TARGET_NAME = FilmFolio;
			};
			name = Release;
		};
/* End XCBuildConfiguration section */

/* Begin XCConfigurationList section */
		CB9E73302A9DE24000F5675C /* Build configuration list for PBXNativeTarget "FilmFolioTests" */ = {
			isa = XCConfigurationList;
			buildConfigurations = (
				CB9E73312A9DE24000F5675C /* Debug */,
				CB9E73322A9DE24000F5675C /* Release */,
			);
			defaultConfigurationIsVisible = 0;
			defaultConfigurationName = Release;
		};
		CBCEEED12A0A85E400CF7186 /* Build configuration list for PBXProject "FilmFolio" */ = {
			isa = XCConfigurationList;
			buildConfigurations = (
				CBCEEEE82A0A85E500CF7186 /* Debug */,
				CBCEEEE92A0A85E500CF7186 /* Release */,
			);
			defaultConfigurationIsVisible = 0;
			defaultConfigurationName = Release;
		};
		CBCEEEEA2A0A85E500CF7186 /* Build configuration list for PBXNativeTarget "FilmFolio" */ = {
			isa = XCConfigurationList;
			buildConfigurations = (
				CBCEEEEB2A0A85E500CF7186 /* Debug */,
				CBCEEEEC2A0A85E500CF7186 /* Release */,
			);
			defaultConfigurationIsVisible = 0;
			defaultConfigurationName = Release;
		};
		CBE4AE182A59AFB5000AC220 /* Build configuration list for PBXNativeTarget "FilmFolioUITests" */ = {
			isa = XCConfigurationList;
			buildConfigurations = (
				CBE4AE162A59AFB5000AC220 /* Debug */,
				CBE4AE172A59AFB5000AC220 /* Release */,
			);
			defaultConfigurationIsVisible = 0;
			defaultConfigurationName = Release;
		};
/* End XCConfigurationList section */

/* Begin XCRemoteSwiftPackageReference section */
		CB9574502A4ECA9E0091F112 /* XCRemoteSwiftPackageReference "SnapKit" */ = {
			isa = XCRemoteSwiftPackageReference;
			repositoryURL = "https://github.com/SnapKit/SnapKit";
			requirement = {
				kind = upToNextMajorVersion;
				minimumVersion = 5.0.0;
			};
		};
		CBF40C392A4DE4210083610E /* XCRemoteSwiftPackageReference "RxSwift" */ = {
			isa = XCRemoteSwiftPackageReference;
			repositoryURL = "https://github.com/ReactiveX/RxSwift.git";
			requirement = {
				kind = upToNextMajorVersion;
				minimumVersion = 6.0.0;
			};
		};
/* End XCRemoteSwiftPackageReference section */

/* Begin XCSwiftPackageProductDependency section */
		CB9574512A4ECA9E0091F112 /* SnapKit */ = {
			isa = XCSwiftPackageProductDependency;
			package = CB9574502A4ECA9E0091F112 /* XCRemoteSwiftPackageReference "SnapKit" */;
			productName = SnapKit;
		};
		CB9E73442A9E5DBB00F5675C /* RxCocoa */ = {
			isa = XCSwiftPackageProductDependency;
			package = CBF40C392A4DE4210083610E /* XCRemoteSwiftPackageReference "RxSwift" */;
			productName = RxCocoa;
		};
		CBF40C3A2A4DE4210083610E /* RxCocoa */ = {
			isa = XCSwiftPackageProductDependency;
			package = CBF40C392A4DE4210083610E /* XCRemoteSwiftPackageReference "RxSwift" */;
			productName = RxCocoa;
		};
/* End XCSwiftPackageProductDependency section */

/* Begin XCVersionGroup section */
		CB962A332A9CB3E6003822F1 /* Model.xcdatamodeld */ = {
			isa = XCVersionGroup;
			children = (
				CB962A342A9CB3E6003822F1 /* Model.xcdatamodel */,
			);
			currentVersion = CB962A342A9CB3E6003822F1 /* Model.xcdatamodel */;
			path = Model.xcdatamodeld;
			sourceTree = "<group>";
			versionGroupType = wrapper.xcdatamodel;
		};
/* End XCVersionGroup section */
	};
	rootObject = CBCEEECE2A0A85E400CF7186 /* Project object */;
}
